<?xml version="1.0" encoding="utf-8"?>
<Project ToolsVersion="17.0" xmlns="http://schemas.microsoft.com/developer/msbuild/2003">
  <ItemGroup>
    <ClCompile Include="C:\Users\caspe\CLionProjects\sc4-advanced-plop\vendor\sc4-imgui-service\vendor\gzcom-dll\gzcom-dll\src\PersistResourceKeyFilterBase.cpp">
      <Filter>Source Files</Filter>
    </ClCompile>
    <ClCompile Include="C:\Users\caspe\CLionProjects\sc4-advanced-plop\vendor\sc4-imgui-service\vendor\gzcom-dll\gzcom-dll\src\PersistResourceKeyFilterByInstance.cpp">
      <Filter>Source Files</Filter>
    </ClCompile>
    <ClCompile Include="C:\Users\caspe\CLionProjects\sc4-advanced-plop\vendor\sc4-imgui-service\vendor\gzcom-dll\gzcom-dll\src\PersistResourceKeyFilterByType.cpp">
      <Filter>Source Files</Filter>
    </ClCompile>
    <ClCompile Include="C:\Users\caspe\CLionProjects\sc4-advanced-plop\vendor\sc4-imgui-service\vendor\gzcom-dll\gzcom-dll\src\PersistResourceKeyFilterByTypeAndGroup.cpp">
      <Filter>Source Files</Filter>
    </ClCompile>
    <ClCompile Include="C:\Users\caspe\CLionProjects\sc4-advanced-plop\vendor\sc4-imgui-service\vendor\gzcom-dll\gzcom-dll\src\PersistResourceKeyFilterByTypeAndInstance.cpp">
      <Filter>Source Files</Filter>
    </ClCompile>
    <ClCompile Include="C:\Users\caspe\CLionProjects\sc4-advanced-plop\vendor\sc4-imgui-service\vendor\gzcom-dll\gzcom-dll\src\SC4UI.cpp">
      <Filter>Source Files</Filter>
    </ClCompile>
    <ClCompile Include="C:\Users\caspe\CLionProjects\sc4-advanced-plop\vendor\sc4-imgui-service\vendor\gzcom-dll\gzcom-dll\src\SCLuaUtil.cpp">
      <Filter>Source Files</Filter>
    </ClCompile>
    <ClCompile Include="C:\Users\caspe\CLionProjects\sc4-advanced-plop\vendor\sc4-imgui-service\vendor\gzcom-dll\gzcom-dll\src\SCPropertyUtil.cpp">
      <Filter>Source Files</Filter>
    </ClCompile>
    <ClCompile Include="C:\Users\caspe\CLionProjects\sc4-advanced-plop\vendor\sc4-imgui-service\vendor\gzcom-dll\gzcom-dll\src\StringResourceManager.cpp">
      <Filter>Source Files</Filter>
    </ClCompile>
    <ClCompile Include="C:\Users\caspe\CLionProjects\sc4-advanced-plop\vendor\sc4-imgui-service\vendor\gzcom-dll\gzcom-dll\src\cGZCustomDllDirector.cpp">
      <Filter>Source Files</Filter>
    </ClCompile>
    <ClCompile Include="C:\Users\caspe\CLionProjects\sc4-advanced-plop\vendor\sc4-imgui-service\vendor\gzcom-dll\gzcom-dll\src\cRZBaseString.cpp">
      <Filter>Source Files</Filter>
    </ClCompile>
    <ClCompile Include="C:\Users\caspe\CLionProjects\sc4-advanced-plop\vendor\sc4-imgui-service\vendor\gzcom-dll\gzcom-dll\src\cRZBaseSystemService.cpp">
      <Filter>Source Files</Filter>
    </ClCompile>
    <ClCompile Include="C:\Users\caspe\CLionProjects\sc4-advanced-plop\vendor\sc4-imgui-service\vendor\gzcom-dll\gzcom-dll\src\cRZBaseUnknown.cpp">
      <Filter>Source Files</Filter>
    </ClCompile>
    <ClCompile Include="C:\Users\caspe\CLionProjects\sc4-advanced-plop\vendor\sc4-imgui-service\vendor\gzcom-dll\gzcom-dll\src\cRZBaseVariant.cpp">
      <Filter>Source Files</Filter>
    </ClCompile>
    <ClCompile Include="C:\Users\caspe\CLionProjects\sc4-advanced-plop\vendor\sc4-imgui-service\vendor\gzcom-dll\gzcom-dll\src\cRZBaseWinProc.cpp">
      <Filter>Source Files</Filter>
    </ClCompile>
    <ClCompile Include="C:\Users\caspe\CLionProjects\sc4-advanced-plop\vendor\sc4-imgui-service\vendor\gzcom-dll\gzcom-dll\src\cRZCOMDllDirector.cpp">
      <Filter>Source Files</Filter>
    </ClCompile>
    <ClCompile Include="C:\Users\caspe\CLionProjects\sc4-advanced-plop\vendor\sc4-imgui-service\vendor\gzcom-dll\gzcom-dll\src\cRZCellMap.cpp">
      <Filter>Source Files</Filter>
    </ClCompile>
    <ClCompile Include="C:\Users\caspe\CLionProjects\sc4-advanced-plop\vendor\sc4-imgui-service\vendor\gzcom-dll\gzcom-dll\src\cRZMessage2.cpp">
      <Filter>Source Files</Filter>
    </ClCompile>
    <ClCompile Include="C:\Users\caspe\CLionProjects\sc4-advanced-plop\vendor\sc4-imgui-service\vendor\gzcom-dll\gzcom-dll\src\cRZMessage2Standard.cpp">
      <Filter>Source Files</Filter>
    </ClCompile>
    <ClCompile Include="C:\Users\caspe\CLionProjects\sc4-advanced-plop\vendor\sc4-imgui-service\vendor\gzcom-dll\gzcom-dll\src\cS3DVector2.cpp">
      <Filter>Source Files</Filter>
    </ClCompile>
    <ClCompile Include="C:\Users\caspe\CLionProjects\sc4-advanced-plop\vendor\sc4-imgui-service\vendor\gzcom-dll\gzcom-dll\src\cS3DVector3.cpp">
      <Filter>Source Files</Filter>
    </ClCompile>
    <ClCompile Include="C:\Users\caspe\CLionProjects\sc4-advanced-plop\vendor\sc4-imgui-service\vendor\gzcom-dll\gzcom-dll\src\cSC4BaseLotConfigurationFilter.cpp">
      <Filter>Source Files</Filter>
    </ClCompile>
    <ClCompile Include="C:\Users\caspe\CLionProjects\sc4-advanced-plop\vendor\sc4-imgui-service\vendor\gzcom-dll\gzcom-dll\src\cSC4BaseOccupantFilter.cpp">
      <Filter>Source Files</Filter>
    </ClCompile>
    <ClCompile Include="C:\Users\caspe\CLionProjects\sc4-advanced-plop\vendor\sc4-imgui-service\vendor\gzcom-dll\gzcom-dll\src\cSC4BaseViewInputControl.cpp">
      <Filter>Source Files</Filter>
    </ClCompile>
    <ClCompile Include="C:\Users\caspe\CLionProjects\sc4-advanced-plop\vendor\sc4-imgui-service\vendor\gzcom-dll\gzcom-dll\src\cSCBaseProperty.cpp">
      <Filter>Source Files</Filter>
    </ClCompile>
  </ItemGroup>
  <ItemGroup>
    <ClInclude Include="C:\Users\caspe\CLionProjects\sc4-advanced-plop\vendor\sc4-imgui-service\vendor\gzcom-dll\gzcom-dll\include\GZCLSIDDefs.h">
      <Filter>Header Files</Filter>
    </ClInclude>
    <ClInclude Include="C:\Users\caspe\CLionProjects\sc4-advanced-plop\vendor\sc4-imgui-service\vendor\gzcom-dll\gzcom-dll\include\GZMSGIDDefs.h">
      <Filter>Header Files</Filter>
    </ClInclude>
    <ClInclude Include="C:\Users\caspe\CLionProjects\sc4-advanced-plop\vendor\sc4-imgui-service\vendor\gzcom-dll\gzcom-dll\include\GZServDecls.h">
      <Filter>Header Files</Filter>
    </ClInclude>
    <ClInclude Include="C:\Users\caspe\CLionProjects\sc4-advanced-plop\vendor\sc4-imgui-service\vendor\gzcom-dll\gzcom-dll\include\GZServPtrs.h">
      <Filter>Header Files</Filter>
    </ClInclude>
    <ClInclude Include="C:\Users\caspe\CLionProjects\sc4-advanced-plop\vendor\sc4-imgui-service\vendor\gzcom-dll\gzcom-dll\include\GZWinKeyAcceleratorUtil.h">
      <Filter>Header Files</Filter>
    </ClInclude>
    <ClInclude Include="C:\Users\caspe\CLionProjects\sc4-advanced-plop\vendor\sc4-imgui-service\vendor\gzcom-dll\gzcom-dll\include\PersistResourceKeyFilterBase.h">
      <Filter>Header Files</Filter>
    </ClInclude>
    <ClInclude Include="C:\Users\caspe\CLionProjects\sc4-advanced-plop\vendor\sc4-imgui-service\vendor\gzcom-dll\gzcom-dll\include\PersistResourceKeyFilterByInstance.h">
      <Filter>Header Files</Filter>
    </ClInclude>
    <ClInclude Include="C:\Users\caspe\CLionProjects\sc4-advanced-plop\vendor\sc4-imgui-service\vendor\gzcom-dll\gzcom-dll\include\PersistResourceKeyFilterByType.h">
      <Filter>Header Files</Filter>
    </ClInclude>
    <ClInclude Include="C:\Users\caspe\CLionProjects\sc4-advanced-plop\vendor\sc4-imgui-service\vendor\gzcom-dll\gzcom-dll\include\PersistResourceKeyFilterByTypeAndGroup.h">
      <Filter>Header Files</Filter>
    </ClInclude>
    <ClInclude Include="C:\Users\caspe\CLionProjects\sc4-advanced-plop\vendor\sc4-imgui-service\vendor\gzcom-dll\gzcom-dll\include\PersistResourceKeyFilterByTypeAndInstance.h">
      <Filter>Header Files</Filter>
    </ClInclude>
    <ClInclude Include="C:\Users\caspe\CLionProjects\sc4-advanced-plop\vendor\sc4-imgui-service\vendor\gzcom-dll\gzcom-dll\include\SC4AppPreferences.h">
      <Filter>Header Files</Filter>
    </ClInclude>
    <ClInclude Include="C:\Users\caspe\CLionProjects\sc4-advanced-plop\vendor\sc4-imgui-service\vendor\gzcom-dll\gzcom-dll\include\SC4AudioPreferences.h">
      <Filter>Header Files</Filter>
    </ClInclude>
    <ClInclude Include="C:\Users\caspe\CLionProjects\sc4-advanced-plop\vendor\sc4-imgui-service\vendor\gzcom-dll\gzcom-dll\include\SC4CellRegion.h">
      <Filter>Header Files</Filter>
    </ClInclude>
    <ClInclude Include="C:\Users\caspe\CLionProjects\sc4-advanced-plop\vendor\sc4-imgui-service\vendor\gzcom-dll\gzcom-dll\include\SC4DebugPreferences.h">
      <Filter>Header Files</Filter>
    </ClInclude>
    <ClInclude Include="C:\Users\caspe\CLionProjects\sc4-advanced-plop\vendor\sc4-imgui-service\vendor\gzcom-dll\gzcom-dll\include\SC4GameOptionPreferences.h">
      <Filter>Header Files</Filter>
    </ClInclude>
    <ClInclude Include="C:\Users\caspe\CLionProjects\sc4-advanced-plop\vendor\sc4-imgui-service\vendor\gzcom-dll\gzcom-dll\include\SC4HashSet.h">
      <Filter>Header Files</Filter>
    </ClInclude>
    <ClInclude Include="C:\Users\caspe\CLionProjects\sc4-advanced-plop\vendor\sc4-imgui-service\vendor\gzcom-dll\gzcom-dll\include\SC4List.h">
      <Filter>Header Files</Filter>
    </ClInclude>
    <ClInclude Include="C:\Users\caspe\CLionProjects\sc4-advanced-plop\vendor\sc4-imgui-service\vendor\gzcom-dll\gzcom-dll\include\SC4NewCityPreferences.h">
      <Filter>Header Files</Filter>
    </ClInclude>
    <ClInclude Include="C:\Users\caspe\CLionProjects\sc4-advanced-plop\vendor\sc4-imgui-service\vendor\gzcom-dll\gzcom-dll\include\SC4Percentage.h">
      <Filter>Header Files</Filter>
    </ClInclude>
    <ClInclude Include="C:\Users\caspe\CLionProjects\sc4-advanced-plop\vendor\sc4-imgui-service\vendor\gzcom-dll\gzcom-dll\include\SC4Point.h">
      <Filter>Header Files</Filter>
    </ClInclude>
    <ClInclude Include="C:\Users\caspe\CLionProjects\sc4-advanced-plop\vendor\sc4-imgui-service\vendor\gzcom-dll\gzcom-dll\include\SC4Preferences.h">
      <Filter>Header Files</Filter>
    </ClInclude>
    <ClInclude Include="C:\Users\caspe\CLionProjects\sc4-advanced-plop\vendor\sc4-imgui-service\vendor\gzcom-dll\gzcom-dll\include\SC4Rect.h">
      <Filter>Header Files</Filter>
    </ClInclude>
    <ClInclude Include="C:\Users\caspe\CLionProjects\sc4-advanced-plop\vendor\sc4-imgui-service\vendor\gzcom-dll\gzcom-dll\include\SC4RegionPreferences.h">
      <Filter>Header Files</Filter>
    </ClInclude>
    <ClInclude Include="C:\Users\caspe\CLionProjects\sc4-advanced-plop\vendor\sc4-imgui-service\vendor\gzcom-dll\gzcom-dll\include\SC4SimulatorPreferences.h">
      <Filter>Header Files</Filter>
    </ClInclude>
    <ClInclude Include="C:\Users\caspe\CLionProjects\sc4-advanced-plop\vendor\sc4-imgui-service\vendor\gzcom-dll\gzcom-dll\include\SC4String.h">
      <Filter>Header Files</Filter>
    </ClInclude>
    <ClInclude Include="C:\Users\caspe\CLionProjects\sc4-advanced-plop\vendor\sc4-imgui-service\vendor\gzcom-dll\gzcom-dll\include\SC4TipOfTheDayPreferences.h">
      <Filter>Header Files</Filter>
    </ClInclude>
    <ClInclude Include="C:\Users\caspe\CLionProjects\sc4-advanced-plop\vendor\sc4-imgui-service\vendor\gzcom-dll\gzcom-dll\include\SC4TutorialPreferences.h">
      <Filter>Header Files</Filter>
    </ClInclude>
    <ClInclude Include="C:\Users\caspe\CLionProjects\sc4-advanced-plop\vendor\sc4-imgui-service\vendor\gzcom-dll\gzcom-dll\include\SC4TutorialPreferences2.h">
      <Filter>Header Files</Filter>
    </ClInclude>
    <ClInclude Include="C:\Users\caspe\CLionProjects\sc4-advanced-plop\vendor\sc4-imgui-service\vendor\gzcom-dll\gzcom-dll\include\SC4UI.h">
      <Filter>Header Files</Filter>
    </ClInclude>
    <ClInclude Include="C:\Users\caspe\CLionProjects\sc4-advanced-plop\vendor\sc4-imgui-service\vendor\gzcom-dll\gzcom-dll\include\SC4Vector.h">
      <Filter>Header Files</Filter>
    </ClInclude>
    <ClInclude Include="C:\Users\caspe\CLionProjects\sc4-advanced-plop\vendor\sc4-imgui-service\vendor\gzcom-dll\gzcom-dll\include\SC4VideoPreferences.h">
      <Filter>Header Files</Filter>
    </ClInclude>
    <ClInclude Include="C:\Users\caspe\CLionProjects\sc4-advanced-plop\vendor\sc4-imgui-service\vendor\gzcom-dll\gzcom-dll\include\SC4ViewPreferences.h">
      <Filter>Header Files</Filter>
    </ClInclude>
    <ClInclude Include="C:\Users\caspe\CLionProjects\sc4-advanced-plop\vendor\sc4-imgui-service\vendor\gzcom-dll\gzcom-dll\include\SCLuaUtil.h">
      <Filter>Header Files</Filter>
    </ClInclude>
    <ClInclude Include="C:\Users\caspe\CLionProjects\sc4-advanced-plop\vendor\sc4-imgui-service\vendor\gzcom-dll\gzcom-dll\include\SCPropertyUtil.h">
      <Filter>Header Files</Filter>
    </ClInclude>
    <ClInclude Include="C:\Users\caspe\CLionProjects\sc4-advanced-plop\vendor\sc4-imgui-service\vendor\gzcom-dll\gzcom-dll\include\StringResourceKey.h">
      <Filter>Header Files</Filter>
    </ClInclude>
    <ClInclude Include="C:\Users\caspe\CLionProjects\sc4-advanced-plop\vendor\sc4-imgui-service\vendor\gzcom-dll\gzcom-dll\include\StringResourceManager.h">
      <Filter>Header Files</Filter>
    </ClInclude>
    <ClInclude Include="C:\Users\caspe\CLionProjects\sc4-advanced-plop\vendor\sc4-imgui-service\vendor\gzcom-dll\gzcom-dll\include\cGZAllocatorServiceSTLAllocator.h">
      <Filter>Header Files</Filter>
    </ClInclude>
    <ClInclude Include="C:\Users\caspe\CLionProjects\sc4-advanced-plop\vendor\sc4-imgui-service\vendor\gzcom-dll\gzcom-dll\include\cGZCOMLibrary.h">
      <Filter>Header Files</Filter>
    </ClInclude>
    <ClInclude Include="C:\Users\caspe\CLionProjects\sc4-advanced-plop\vendor\sc4-imgui-service\vendor\gzcom-dll\gzcom-dll\include\cGZDisplayMetrics.h">
      <Filter>Header Files</Filter>
    </ClInclude>
    <ClInclude Include="C:\Users\caspe\CLionProjects\sc4-advanced-plop\vendor\sc4-imgui-service\vendor\gzcom-dll\gzcom-dll\include\cGZDisplayTiming.h">
      <Filter>Header Files</Filter>
    </ClInclude>
    <ClInclude Include="C:\Users\caspe\CLionProjects\sc4-advanced-plop\vendor\sc4-imgui-service\vendor\gzcom-dll\gzcom-dll\include\cGZGPixelFormatDesc.h">
      <Filter>Header Files</Filter>
    </ClInclude>
    <ClInclude Include="C:\Users\caspe\CLionProjects\sc4-advanced-plop\vendor\sc4-imgui-service\vendor\gzcom-dll\gzcom-dll\include\cGZMessage.h">
      <Filter>Header Files</Filter>
    </ClInclude>
    <ClInclude Include="C:\Users\caspe\CLionProjects\sc4-advanced-plop\vendor\sc4-imgui-service\vendor\gzcom-dll\gzcom-dll\include\cGZPersistResourceKey.h">
      <Filter>Header Files</Filter>
    </ClInclude>
    <ClInclude Include="C:\Users\caspe\CLionProjects\sc4-advanced-plop\vendor\sc4-imgui-service\vendor\gzcom-dll\gzcom-dll\include\cIGZAllocatorService.h">
      <Filter>Header Files</Filter>
    </ClInclude>
    <ClInclude Include="C:\Users\caspe\CLionProjects\sc4-advanced-plop\vendor\sc4-imgui-service\vendor\gzcom-dll\gzcom-dll\include\cIGZApp.h">
      <Filter>Header Files</Filter>
    </ClInclude>
    <ClInclude Include="C:\Users\caspe\CLionProjects\sc4-advanced-plop\vendor\sc4-imgui-service\vendor\gzcom-dll\gzcom-dll\include\cIGZBuffer.h">
      <Filter>Header Files</Filter>
    </ClInclude>
    <ClInclude Include="C:\Users\caspe\CLionProjects\sc4-advanced-plop\vendor\sc4-imgui-service\vendor\gzcom-dll\gzcom-dll\include\cIGZCOM.h">
      <Filter>Header Files</Filter>
    </ClInclude>
    <ClInclude Include="C:\Users\caspe\CLionProjects\sc4-advanced-plop\vendor\sc4-imgui-service\vendor\gzcom-dll\gzcom-dll\include\cIGZCOMDirector.h">
      <Filter>Header Files</Filter>
    </ClInclude>
    <ClInclude Include="C:\Users\caspe\CLionProjects\sc4-advanced-plop\vendor\sc4-imgui-service\vendor\gzcom-dll\gzcom-dll\include\cIGZCOMLibrary.h">
      <Filter>Header Files</Filter>
    </ClInclude>
    <ClInclude Include="C:\Users\caspe\CLionProjects\sc4-advanced-plop\vendor\sc4-imgui-service\vendor\gzcom-dll\gzcom-dll\include\cIGZCallbackManager.h">
      <Filter>Header Files</Filter>
    </ClInclude>
    <ClInclude Include="C:\Users\caspe\CLionProjects\sc4-advanced-plop\vendor\sc4-imgui-service\vendor\gzcom-dll\gzcom-dll\include\cIGZCallbackService.h">
      <Filter>Header Files</Filter>
    </ClInclude>
    <ClInclude Include="C:\Users\caspe\CLionProjects\sc4-advanced-plop\vendor\sc4-imgui-service\vendor\gzcom-dll\gzcom-dll\include\cIGZCanvas.h">
      <Filter>Header Files</Filter>
    </ClInclude>
    <ClInclude Include="C:\Users\caspe\CLionProjects\sc4-advanced-plop\vendor\sc4-imgui-service\vendor\gzcom-dll\gzcom-dll\include\cIGZCanvasMessage.h">
      <Filter>Header Files</Filter>
    </ClInclude>
    <ClInclude Include="C:\Users\caspe\CLionProjects\sc4-advanced-plop\vendor\sc4-imgui-service\vendor\gzcom-dll\gzcom-dll\include\cIGZCanvasW32.h">
      <Filter>Header Files</Filter>
    </ClInclude>
    <ClInclude Include="C:\Users\caspe\CLionProjects\sc4-advanced-plop\vendor\sc4-imgui-service\vendor\gzcom-dll\gzcom-dll\include\cIGZCheatCodeManager.h">
      <Filter>Header Files</Filter>
    </ClInclude>
    <ClInclude Include="C:\Users\caspe\CLionProjects\sc4-advanced-plop\vendor\sc4-imgui-service\vendor\gzcom-dll\gzcom-dll\include\cIGZCmdLine.h">
      <Filter>Header Files</Filter>
    </ClInclude>
    <ClInclude Include="C:\Users\caspe\CLionProjects\sc4-advanced-plop\vendor\sc4-imgui-service\vendor\gzcom-dll\gzcom-dll\include\cIGZCommandDispatcher.h">
      <Filter>Header Files</Filter>
    </ClInclude>
    <ClInclude Include="C:\Users\caspe\CLionProjects\sc4-advanced-plop\vendor\sc4-imgui-service\vendor\gzcom-dll\gzcom-dll\include\cIGZCommandParameterSet.h">
      <Filter>Header Files</Filter>
    </ClInclude>
    <ClInclude Include="C:\Users\caspe\CLionProjects\sc4-advanced-plop\vendor\sc4-imgui-service\vendor\gzcom-dll\gzcom-dll\include\cIGZCommandServer.h">
      <Filter>Header Files</Filter>
    </ClInclude>
    <ClInclude Include="C:\Users\caspe\CLionProjects\sc4-advanced-plop\vendor\sc4-imgui-service\vendor\gzcom-dll\gzcom-dll\include\cIGZCursor.h">
      <Filter>Header Files</Filter>
    </ClInclude>
    <ClInclude Include="C:\Users\caspe\CLionProjects\sc4-advanced-plop\vendor\sc4-imgui-service\vendor\gzcom-dll\gzcom-dll\include\cIGZCursorManager.h">
      <Filter>Header Files</Filter>
    </ClInclude>
    <ClInclude Include="C:\Users\caspe\CLionProjects\sc4-advanced-plop\vendor\sc4-imgui-service\vendor\gzcom-dll\gzcom-dll\include\cIGZDBSegmentPackedFile.h">
      <Filter>Header Files</Filter>
    </ClInclude>
    <ClInclude Include="C:\Users\caspe\CLionProjects\sc4-advanced-plop\vendor\sc4-imgui-service\vendor\gzcom-dll\gzcom-dll\include\cIGZDBSerialRecordAsIGZFile.h">
      <Filter>Header Files</Filter>
    </ClInclude>
    <ClInclude Include="C:\Users\caspe\CLionProjects\sc4-advanced-plop\vendor\sc4-imgui-service\vendor\gzcom-dll\gzcom-dll\include\cIGZDate.h">
      <Filter>Header Files</Filter>
    </ClInclude>
    <ClInclude Include="C:\Users\caspe\CLionProjects\sc4-advanced-plop\vendor\sc4-imgui-service\vendor\gzcom-dll\gzcom-dll\include\cIGZFile.h">
      <Filter>Header Files</Filter>
    </ClInclude>
    <ClInclude Include="C:\Users\caspe\CLionProjects\sc4-advanced-plop\vendor\sc4-imgui-service\vendor\gzcom-dll\gzcom-dll\include\cIGZFileSystem.h">
      <Filter>Header Files</Filter>
    </ClInclude>
    <ClInclude Include="C:\Users\caspe\CLionProjects\sc4-advanced-plop\vendor\sc4-imgui-service\vendor\gzcom-dll\gzcom-dll\include\cIGZFrameWork.h">
      <Filter>Header Files</Filter>
    </ClInclude>
    <ClInclude Include="C:\Users\caspe\CLionProjects\sc4-advanced-plop\vendor\sc4-imgui-service\vendor\gzcom-dll\gzcom-dll\include\cIGZFrameWorkHooks.h">
      <Filter>Header Files</Filter>
    </ClInclude>
    <ClInclude Include="C:\Users\caspe\CLionProjects\sc4-advanced-plop\vendor\sc4-imgui-service\vendor\gzcom-dll\gzcom-dll\include\cIGZFrameWorkW32.h">
      <Filter>Header Files</Filter>
    </ClInclude>
    <ClInclude Include="C:\Users\caspe\CLionProjects\sc4-advanced-plop\vendor\sc4-imgui-service\vendor\gzcom-dll\gzcom-dll\include\cIGZGDriver.h">
      <Filter>Header Files</Filter>
    </ClInclude>
    <ClInclude Include="C:\Users\caspe\CLionProjects\sc4-advanced-plop\vendor\sc4-imgui-service\vendor\gzcom-dll\gzcom-dll\include\cIGZGimexFactory.h">
      <Filter>Header Files</Filter>
    </ClInclude>
    <ClInclude Include="C:\Users\caspe\CLionProjects\sc4-advanced-plop\vendor\sc4-imgui-service\vendor\gzcom-dll\gzcom-dll\include\cIGZGraphicSystem.h">
      <Filter>Header Files</Filter>
    </ClInclude>
    <ClInclude Include="C:\Users\caspe\CLionProjects\sc4-advanced-plop\vendor\sc4-imgui-service\vendor\gzcom-dll\gzcom-dll\include\cIGZGraphicSystem2.h">
      <Filter>Header Files</Filter>
    </ClInclude>
    <ClInclude Include="C:\Users\caspe\CLionProjects\sc4-advanced-plop\vendor\sc4-imgui-service\vendor\gzcom-dll\gzcom-dll\include\cIGZIStream.h">
      <Filter>Header Files</Filter>
    </ClInclude>
    <ClInclude Include="C:\Users\caspe\CLionProjects\sc4-advanced-plop\vendor\sc4-imgui-service\vendor\gzcom-dll\gzcom-dll\include\cIGZKeyMessage.h">
      <Filter>Header Files</Filter>
    </ClInclude>
    <ClInclude Include="C:\Users\caspe\CLionProjects\sc4-advanced-plop\vendor\sc4-imgui-service\vendor\gzcom-dll\gzcom-dll\include\cIGZKeyboard.h">
      <Filter>Header Files</Filter>
    </ClInclude>
    <ClInclude Include="C:\Users\caspe\CLionProjects\sc4-advanced-plop\vendor\sc4-imgui-service\vendor\gzcom-dll\gzcom-dll\include\cIGZLanguageManager.h">
      <Filter>Header Files</Filter>
    </ClInclude>
    <ClInclude Include="C:\Users\caspe\CLionProjects\sc4-advanced-plop\vendor\sc4-imgui-service\vendor\gzcom-dll\gzcom-dll\include\cIGZLanguageUtility.h">
      <Filter>Header Files</Filter>
    </ClInclude>
    <ClInclude Include="C:\Users\caspe\CLionProjects\sc4-advanced-plop\vendor\sc4-imgui-service\vendor\gzcom-dll\gzcom-dll\include\cIGZLua5.h">
      <Filter>Header Files</Filter>
    </ClInclude>
    <ClInclude Include="C:\Users\caspe\CLionProjects\sc4-advanced-plop\vendor\sc4-imgui-service\vendor\gzcom-dll\gzcom-dll\include\cIGZLua5Thread.h">
      <Filter>Header Files</Filter>
    </ClInclude>
    <ClInclude Include="C:\Users\caspe\CLionProjects\sc4-advanced-plop\vendor\sc4-imgui-service\vendor\gzcom-dll\gzcom-dll\include\cIGZMessage2.h">
      <Filter>Header Files</Filter>
    </ClInclude>
    <ClInclude Include="C:\Users\caspe\CLionProjects\sc4-advanced-plop\vendor\sc4-imgui-service\vendor\gzcom-dll\gzcom-dll\include\cIGZMessage2Standard.h">
      <Filter>Header Files</Filter>
    </ClInclude>
    <ClInclude Include="C:\Users\caspe\CLionProjects\sc4-advanced-plop\vendor\sc4-imgui-service\vendor\gzcom-dll\gzcom-dll\include\cIGZMessageServer.h">
      <Filter>Header Files</Filter>
    </ClInclude>
    <ClInclude Include="C:\Users\caspe\CLionProjects\sc4-advanced-plop\vendor\sc4-imgui-service\vendor\gzcom-dll\gzcom-dll\include\cIGZMessageServer2.h">
      <Filter>Header Files</Filter>
    </ClInclude>
    <ClInclude Include="C:\Users\caspe\CLionProjects\sc4-advanced-plop\vendor\sc4-imgui-service\vendor\gzcom-dll\gzcom-dll\include\cIGZMessageTarget.h">
      <Filter>Header Files</Filter>
    </ClInclude>
    <ClInclude Include="C:\Users\caspe\CLionProjects\sc4-advanced-plop\vendor\sc4-imgui-service\vendor\gzcom-dll\gzcom-dll\include\cIGZMessageTarget2.h">
      <Filter>Header Files</Filter>
    </ClInclude>
    <ClInclude Include="C:\Users\caspe\CLionProjects\sc4-advanced-plop\vendor\sc4-imgui-service\vendor\gzcom-dll\gzcom-dll\include\cIGZMouseMessage.h">
      <Filter>Header Files</Filter>
    </ClInclude>
    <ClInclude Include="C:\Users\caspe\CLionProjects\sc4-advanced-plop\vendor\sc4-imgui-service\vendor\gzcom-dll\gzcom-dll\include\cIGZOStream.h">
      <Filter>Header Files</Filter>
    </ClInclude>
    <ClInclude Include="C:\Users\caspe\CLionProjects\sc4-advanced-plop\vendor\sc4-imgui-service\vendor\gzcom-dll\gzcom-dll\include\cIGZPersistDBRecord.h">
      <Filter>Header Files</Filter>
    </ClInclude>
    <ClInclude Include="C:\Users\caspe\CLionProjects\sc4-advanced-plop\vendor\sc4-imgui-service\vendor\gzcom-dll\gzcom-dll\include\cIGZPersistDBSegment.h">
      <Filter>Header Files</Filter>
    </ClInclude>
    <ClInclude Include="C:\Users\caspe\CLionProjects\sc4-advanced-plop\vendor\sc4-imgui-service\vendor\gzcom-dll\gzcom-dll\include\cIGZPersistDBSegmentMultiPackedFiles.h">
      <Filter>Header Files</Filter>
    </ClInclude>
    <ClInclude Include="C:\Users\caspe\CLionProjects\sc4-advanced-plop\vendor\sc4-imgui-service\vendor\gzcom-dll\gzcom-dll\include\cIGZPersistDBSerialRecord.h">
      <Filter>Header Files</Filter>
    </ClInclude>
    <ClInclude Include="C:\Users\caspe\CLionProjects\sc4-advanced-plop\vendor\sc4-imgui-service\vendor\gzcom-dll\gzcom-dll\include\cIGZPersistResource.h">
      <Filter>Header Files</Filter>
    </ClInclude>
    <ClInclude Include="C:\Users\caspe\CLionProjects\sc4-advanced-plop\vendor\sc4-imgui-service\vendor\gzcom-dll\gzcom-dll\include\cIGZPersistResourceFactory.h">
      <Filter>Header Files</Filter>
    </ClInclude>
    <ClInclude Include="C:\Users\caspe\CLionProjects\sc4-advanced-plop\vendor\sc4-imgui-service\vendor\gzcom-dll\gzcom-dll\include\cIGZPersistResourceKeyFilter.h">
      <Filter>Header Files</Filter>
    </ClInclude>
    <ClInclude Include="C:\Users\caspe\CLionProjects\sc4-advanced-plop\vendor\sc4-imgui-service\vendor\gzcom-dll\gzcom-dll\include\cIGZPersistResourceKeyList.h">
      <Filter>Header Files</Filter>
    </ClInclude>
    <ClInclude Include="C:\Users\caspe\CLionProjects\sc4-advanced-plop\vendor\sc4-imgui-service\vendor\gzcom-dll\gzcom-dll\include\cIGZPersistResourceManager.h">
      <Filter>Header Files</Filter>
    </ClInclude>
    <ClInclude Include="C:\Users\caspe\CLionProjects\sc4-advanced-plop\vendor\sc4-imgui-service\vendor\gzcom-dll\gzcom-dll\include\cIGZRadio.h">
      <Filter>Header Files</Filter>
    </ClInclude>
    <ClInclude Include="C:\Users\caspe\CLionProjects\sc4-advanced-plop\vendor\sc4-imgui-service\vendor\gzcom-dll\gzcom-dll\include\cIGZSerializable.h">
      <Filter>Header Files</Filter>
    </ClInclude>
    <ClInclude Include="C:\Users\caspe\CLionProjects\sc4-advanced-plop\vendor\sc4-imgui-service\vendor\gzcom-dll\gzcom-dll\include\cIGZSndSys.h">
      <Filter>Header Files</Filter>
    </ClInclude>
    <ClInclude Include="C:\Users\caspe\CLionProjects\sc4-advanced-plop\vendor\sc4-imgui-service\vendor\gzcom-dll\gzcom-dll\include\cIGZString.h">
      <Filter>Header Files</Filter>
    </ClInclude>
    <ClInclude Include="C:\Users\caspe\CLionProjects\sc4-advanced-plop\vendor\sc4-imgui-service\vendor\gzcom-dll\gzcom-dll\include\cIGZSystemService.h">
      <Filter>Header Files</Filter>
    </ClInclude>
    <ClInclude Include="C:\Users\caspe\CLionProjects\sc4-advanced-plop\vendor\sc4-imgui-service\vendor\gzcom-dll\gzcom-dll\include\cIGZUIScriptService.h">
      <Filter>Header Files</Filter>
    </ClInclude>
    <ClInclude Include="C:\Users\caspe\CLionProjects\sc4-advanced-plop\vendor\sc4-imgui-service\vendor\gzcom-dll\gzcom-dll\include\cIGZUnknown.h">
      <Filter>Header Files</Filter>
    </ClInclude>
    <ClInclude Include="C:\Users\caspe\CLionProjects\sc4-advanced-plop\vendor\sc4-imgui-service\vendor\gzcom-dll\gzcom-dll\include\cIGZUnknownList.h">
      <Filter>Header Files</Filter>
    </ClInclude>
    <ClInclude Include="C:\Users\caspe\CLionProjects\sc4-advanced-plop\vendor\sc4-imgui-service\vendor\gzcom-dll\gzcom-dll\include\cIGZVariant.h">
      <Filter>Header Files</Filter>
    </ClInclude>
    <ClInclude Include="C:\Users\caspe\CLionProjects\sc4-advanced-plop\vendor\sc4-imgui-service\vendor\gzcom-dll\gzcom-dll\include\cIGZWin.h">
      <Filter>Header Files</Filter>
    </ClInclude>
    <ClInclude Include="C:\Users\caspe\CLionProjects\sc4-advanced-plop\vendor\sc4-imgui-service\vendor\gzcom-dll\gzcom-dll\include\cIGZWinBtn.h">
      <Filter>Header Files</Filter>
    </ClInclude>
    <ClInclude Include="C:\Users\caspe\CLionProjects\sc4-advanced-plop\vendor\sc4-imgui-service\vendor\gzcom-dll\gzcom-dll\include\cIGZWinCombo.h">
      <Filter>Header Files</Filter>
    </ClInclude>
    <ClInclude Include="C:\Users\caspe\CLionProjects\sc4-advanced-plop\vendor\sc4-imgui-service\vendor\gzcom-dll\gzcom-dll\include\cIGZWinGen.h">
      <Filter>Header Files</Filter>
    </ClInclude>
    <ClInclude Include="C:\Users\caspe\CLionProjects\sc4-advanced-plop\vendor\sc4-imgui-service\vendor\gzcom-dll\gzcom-dll\include\cIGZWinKeyAccelerator.h">
      <Filter>Header Files</Filter>
    </ClInclude>
    <ClInclude Include="C:\Users\caspe\CLionProjects\sc4-advanced-plop\vendor\sc4-imgui-service\vendor\gzcom-dll\gzcom-dll\include\cIGZWinKeyAcceleratorRes.h">
      <Filter>Header Files</Filter>
    </ClInclude>
    <ClInclude Include="C:\Users\caspe\CLionProjects\sc4-advanced-plop\vendor\sc4-imgui-service\vendor\gzcom-dll\gzcom-dll\include\cIGZWinMessageFilter.h">
      <Filter>Header Files</Filter>
    </ClInclude>
    <ClInclude Include="C:\Users\caspe\CLionProjects\sc4-advanced-plop\vendor\sc4-imgui-service\vendor\gzcom-dll\gzcom-dll\include\cIGZWinMgr.h">
      <Filter>Header Files</Filter>
    </ClInclude>
    <ClInclude Include="C:\Users\caspe\CLionProjects\sc4-advanced-plop\vendor\sc4-imgui-service\vendor\gzcom-dll\gzcom-dll\include\cIGZWinProc.h">
      <Filter>Header Files</Filter>
    </ClInclude>
    <ClInclude Include="C:\Users\caspe\CLionProjects\sc4-advanced-plop\vendor\sc4-imgui-service\vendor\gzcom-dll\gzcom-dll\include\cIGZWinProcFilterW32.h">
      <Filter>Header Files</Filter>
    </ClInclude>
    <ClInclude Include="C:\Users\caspe\CLionProjects\sc4-advanced-plop\vendor\sc4-imgui-service\vendor\gzcom-dll\gzcom-dll\include\cIGZWinText.h">
      <Filter>Header Files</Filter>
    </ClInclude>
    <ClInclude Include="C:\Users\caspe\CLionProjects\sc4-advanced-plop\vendor\sc4-imgui-service\vendor\gzcom-dll\gzcom-dll\include\cIS3DModelInstance.h">
      <Filter>Header Files</Filter>
    </ClInclude>
    <ClInclude Include="C:\Users\caspe\CLionProjects\sc4-advanced-plop\vendor\sc4-imgui-service\vendor\gzcom-dll\gzcom-dll\include\cIS3DTextureBindingFactory.h">
      <Filter>Header Files</Filter>
    </ClInclude>
    <ClInclude Include="C:\Users\caspe\CLionProjects\sc4-advanced-plop\vendor\sc4-imgui-service\vendor\gzcom-dll\gzcom-dll\include\cISC424HourClock.h">
      <Filter>Header Files</Filter>
    </ClInclude>
    <ClInclude Include="C:\Users\caspe\CLionProjects\sc4-advanced-plop\vendor\sc4-imgui-service\vendor\gzcom-dll\gzcom-dll\include\cISC43DRender.h">
      <Filter>Header Files</Filter>
    </ClInclude>
    <ClInclude Include="C:\Users\caspe\CLionProjects\sc4-advanced-plop\vendor\sc4-imgui-service\vendor\gzcom-dll\gzcom-dll\include\cISC4Advice.h">
      <Filter>Header Files</Filter>
    </ClInclude>
    <ClInclude Include="C:\Users\caspe\CLionProjects\sc4-advanced-plop\vendor\sc4-imgui-service\vendor\gzcom-dll\gzcom-dll\include\cISC4AdviceSubject.h">
      <Filter>Header Files</Filter>
    </ClInclude>
    <ClInclude Include="C:\Users\caspe\CLionProjects\sc4-advanced-plop\vendor\sc4-imgui-service\vendor\gzcom-dll\gzcom-dll\include\cISC4Advisor.h">
      <Filter>Header Files</Filter>
    </ClInclude>
    <ClInclude Include="C:\Users\caspe\CLionProjects\sc4-advanced-plop\vendor\sc4-imgui-service\vendor\gzcom-dll\gzcom-dll\include\cISC4AdvisorSystem.h">
      <Filter>Header Files</Filter>
    </ClInclude>
    <ClInclude Include="C:\Users\caspe\CLionProjects\sc4-advanced-plop\vendor\sc4-imgui-service\vendor\gzcom-dll\gzcom-dll\include\cISC4AirportDeveloper.h">
      <Filter>Header Files</Filter>
    </ClInclude>
    <ClInclude Include="C:\Users\caspe\CLionProjects\sc4-advanced-plop\vendor\sc4-imgui-service\vendor\gzcom-dll\gzcom-dll\include\cISC4App.h">
      <Filter>Header Files</Filter>
    </ClInclude>
    <ClInclude Include="C:\Users\caspe\CLionProjects\sc4-advanced-plop\vendor\sc4-imgui-service\vendor\gzcom-dll\gzcom-dll\include\cISC4AuraSimulator.h">
      <Filter>Header Files</Filter>
    </ClInclude>
    <ClInclude Include="C:\Users\caspe\CLionProjects\sc4-advanced-plop\vendor\sc4-imgui-service\vendor\gzcom-dll\gzcom-dll\include\cISC4AutomataControllerManager.h">
      <Filter>Header Files</Filter>
    </ClInclude>
    <ClInclude Include="C:\Users\caspe\CLionProjects\sc4-advanced-plop\vendor\sc4-imgui-service\vendor\gzcom-dll\gzcom-dll\include\cISC4AutomataManager.h">
      <Filter>Header Files</Filter>
    </ClInclude>
    <ClInclude Include="C:\Users\caspe\CLionProjects\sc4-advanced-plop\vendor\sc4-imgui-service\vendor\gzcom-dll\gzcom-dll\include\cISC4AutomataScriptSystem.h">
      <Filter>Header Files</Filter>
    </ClInclude>
    <ClInclude Include="C:\Users\caspe\CLionProjects\sc4-advanced-plop\vendor\sc4-imgui-service\vendor\gzcom-dll\gzcom-dll\include\cISC4Automaton.h">
      <Filter>Header Files</Filter>
    </ClInclude>
    <ClInclude Include="C:\Users\caspe\CLionProjects\sc4-advanced-plop\vendor\sc4-imgui-service\vendor\gzcom-dll\gzcom-dll\include\cISC4BudgetSimulator.h">
      <Filter>Header Files</Filter>
    </ClInclude>
    <ClInclude Include="C:\Users\caspe\CLionProjects\sc4-advanced-plop\vendor\sc4-imgui-service\vendor\gzcom-dll\gzcom-dll\include\cISC4BuildingDevelopmentSimulator.h">
      <Filter>Header Files</Filter>
    </ClInclude>
    <ClInclude Include="C:\Users\caspe\CLionProjects\sc4-advanced-plop\vendor\sc4-imgui-service\vendor\gzcom-dll\gzcom-dll\include\cISC4BuildingOccupant.h">
      <Filter>Header Files</Filter>
    </ClInclude>
    <ClInclude Include="C:\Users\caspe\CLionProjects\sc4-advanced-plop\vendor\sc4-imgui-service\vendor\gzcom-dll\gzcom-dll\include\cISC4BusinessUnit.h">
      <Filter>Header Files</Filter>
    </ClInclude>
    <ClInclude Include="C:\Users\caspe\CLionProjects\sc4-advanced-plop\vendor\sc4-imgui-service\vendor\gzcom-dll\gzcom-dll\include\cISC4City.h">
      <Filter>Header Files</Filter>
    </ClInclude>
    <ClInclude Include="C:\Users\caspe\CLionProjects\sc4-advanced-plop\vendor\sc4-imgui-service\vendor\gzcom-dll\gzcom-dll\include\cISC4CitySituationAdvice.h">
      <Filter>Header Files</Filter>
    </ClInclude>
    <ClInclude Include="C:\Users\caspe\CLionProjects\sc4-advanced-plop\vendor\sc4-imgui-service\vendor\gzcom-dll\gzcom-dll\include\cISC4CitySituationManager.h">
      <Filter>Header Files</Filter>
    </ClInclude>
    <ClInclude Include="C:\Users\caspe\CLionProjects\sc4-advanced-plop\vendor\sc4-imgui-service\vendor\gzcom-dll\gzcom-dll\include\cISC4CivicBuildingSimulator.h">
      <Filter>Header Files</Filter>
    </ClInclude>
    <ClInclude Include="C:\Users\caspe\CLionProjects\sc4-advanced-plop\vendor\sc4-imgui-service\vendor\gzcom-dll\gzcom-dll\include\cISC4CommercialSimulator.h">
      <Filter>Header Files</Filter>
    </ClInclude>
    <ClInclude Include="C:\Users\caspe\CLionProjects\sc4-advanced-plop\vendor\sc4-imgui-service\vendor\gzcom-dll\gzcom-dll\include\cISC4ConstructionOccupant.h">
      <Filter>Header Files</Filter>
    </ClInclude>
    <ClInclude Include="C:\Users\caspe\CLionProjects\sc4-advanced-plop\vendor\sc4-imgui-service\vendor\gzcom-dll\gzcom-dll\include\cISC4CrimeSimulator.h">
      <Filter>Header Files</Filter>
    </ClInclude>
    <ClInclude Include="C:\Users\caspe\CLionProjects\sc4-advanced-plop\vendor\sc4-imgui-service\vendor\gzcom-dll\gzcom-dll\include\cISC4DBSegment.h">
      <Filter>Header Files</Filter>
    </ClInclude>
    <ClInclude Include="C:\Users\caspe\CLionProjects\sc4-advanced-plop\vendor\sc4-imgui-service\vendor\gzcom-dll\gzcom-dll\include\cISC4DBSegmentIStream.h">
      <Filter>Header Files</Filter>
    </ClInclude>
    <ClInclude Include="C:\Users\caspe\CLionProjects\sc4-advanced-plop\vendor\sc4-imgui-service\vendor\gzcom-dll\gzcom-dll\include\cISC4DBSegmentOStream.h">
      <Filter>Header Files</Filter>
    </ClInclude>
    <ClInclude Include="C:\Users\caspe\CLionProjects\sc4-advanced-plop\vendor\sc4-imgui-service\vendor\gzcom-dll\gzcom-dll\include\cISC4Demand.h">
      <Filter>Header Files</Filter>
    </ClInclude>
    <ClInclude Include="C:\Users\caspe\CLionProjects\sc4-advanced-plop\vendor\sc4-imgui-service\vendor\gzcom-dll\gzcom-dll\include\cISC4DemandSimulator.h">
      <Filter>Header Files</Filter>
    </ClInclude>
    <ClInclude Include="C:\Users\caspe\CLionProjects\sc4-advanced-plop\vendor\sc4-imgui-service\vendor\gzcom-dll\gzcom-dll\include\cISC4Demolition.h">
      <Filter>Header Files</Filter>
    </ClInclude>
    <ClInclude Include="C:\Users\caspe\CLionProjects\sc4-advanced-plop\vendor\sc4-imgui-service\vendor\gzcom-dll\gzcom-dll\include\cISC4DepartmentBudget.h">
      <Filter>Header Files</Filter>
    </ClInclude>
    <ClInclude Include="C:\Users\caspe\CLionProjects\sc4-advanced-plop\vendor\sc4-imgui-service\vendor\gzcom-dll\gzcom-dll\include\cISC4DisasterInstance.h">
      <Filter>Header Files</Filter>
    </ClInclude>
    <ClInclude Include="C:\Users\caspe\CLionProjects\sc4-advanced-plop\vendor\sc4-imgui-service\vendor\gzcom-dll\gzcom-dll\include\cISC4DisasterInstanceFire.h">
      <Filter>Header Files</Filter>
    </ClInclude>
    <ClInclude Include="C:\Users\caspe\CLionProjects\sc4-advanced-plop\vendor\sc4-imgui-service\vendor\gzcom-dll\gzcom-dll\include\cISC4DisasterInstanceVolcano.h">
      <Filter>Header Files</Filter>
    </ClInclude>
    <ClInclude Include="C:\Users\caspe\CLionProjects\sc4-advanced-plop\vendor\sc4-imgui-service\vendor\gzcom-dll\gzcom-dll\include\cISC4DisasterLayer.h">
      <Filter>Header Files</Filter>
    </ClInclude>
    <ClInclude Include="C:\Users\caspe\CLionProjects\sc4-advanced-plop\vendor\sc4-imgui-service\vendor\gzcom-dll\gzcom-dll\include\cISC4DisasterManager.h">
      <Filter>Header Files</Filter>
    </ClInclude>
    <ClInclude Include="C:\Users\caspe\CLionProjects\sc4-advanced-plop\vendor\sc4-imgui-service\vendor\gzcom-dll\gzcom-dll\include\cISC4DisasterManagerFire.h">
      <Filter>Header Files</Filter>
    </ClInclude>
    <ClInclude Include="C:\Users\caspe\CLionProjects\sc4-advanced-plop\vendor\sc4-imgui-service\vendor\gzcom-dll\gzcom-dll\include\cISC4DisasterManagerVolcano.h">
      <Filter>Header Files</Filter>
    </ClInclude>
    <ClInclude Include="C:\Users\caspe\CLionProjects\sc4-advanced-plop\vendor\sc4-imgui-service\vendor\gzcom-dll\gzcom-dll\include\cISC4DispatchManager.h">
      <Filter>Header Files</Filter>
    </ClInclude>
    <ClInclude Include="C:\Users\caspe\CLionProjects\sc4-advanced-plop\vendor\sc4-imgui-service\vendor\gzcom-dll\gzcom-dll\include\cISC4EffectMaps.h">
      <Filter>Header Files</Filter>
    </ClInclude>
    <ClInclude Include="C:\Users\caspe\CLionProjects\sc4-advanced-plop\vendor\sc4-imgui-service\vendor\gzcom-dll\gzcom-dll\include\cISC4EffectsManager.h">
      <Filter>Header Files</Filter>
    </ClInclude>
    <ClInclude Include="C:\Users\caspe\CLionProjects\sc4-advanced-plop\vendor\sc4-imgui-service\vendor\gzcom-dll\gzcom-dll\include\cISC4FeatureManager.h">
      <Filter>Header Files</Filter>
    </ClInclude>
    <ClInclude Include="C:\Users\caspe\CLionProjects\sc4-advanced-plop\vendor\sc4-imgui-service\vendor\gzcom-dll\gzcom-dll\include\cISC4FireOccupant.h">
      <Filter>Header Files</Filter>
    </ClInclude>
    <ClInclude Include="C:\Users\caspe\CLionProjects\sc4-advanced-plop\vendor\sc4-imgui-service\vendor\gzcom-dll\gzcom-dll\include\cISC4FireProtectionSimulator.h">
      <Filter>Header Files</Filter>
    </ClInclude>
    <ClInclude Include="C:\Users\caspe\CLionProjects\sc4-advanced-plop\vendor\sc4-imgui-service\vendor\gzcom-dll\gzcom-dll\include\cISC4FlammabilitySimulator.h">
      <Filter>Header Files</Filter>
    </ClInclude>
    <ClInclude Include="C:\Users\caspe\CLionProjects\sc4-advanced-plop\vendor\sc4-imgui-service\vendor\gzcom-dll\gzcom-dll\include\cISC4FloraOccupant.h">
      <Filter>Header Files</Filter>
    </ClInclude>
    <ClInclude Include="C:\Users\caspe\CLionProjects\sc4-advanced-plop\vendor\sc4-imgui-service\vendor\gzcom-dll\gzcom-dll\include\cISC4FloraSimulator.h">
      <Filter>Header Files</Filter>
    </ClInclude>
    <ClInclude Include="C:\Users\caspe\CLionProjects\sc4-advanced-plop\vendor\sc4-imgui-service\vendor\gzcom-dll\gzcom-dll\include\cISC4FoundationOccupant.h">
      <Filter>Header Files</Filter>
    </ClInclude>
    <ClInclude Include="C:\Users\caspe\CLionProjects\sc4-advanced-plop\vendor\sc4-imgui-service\vendor\gzcom-dll\gzcom-dll\include\cISC4GameDataRegistry.h">
      <Filter>Header Files</Filter>
    </ClInclude>
    <ClInclude Include="C:\Users\caspe\CLionProjects\sc4-advanced-plop\vendor\sc4-imgui-service\vendor\gzcom-dll\gzcom-dll\include\cISC4GameDataRegistryNotificationTarget.h">
      <Filter>Header Files</Filter>
    </ClInclude>
    <ClInclude Include="C:\Users\caspe\CLionProjects\sc4-advanced-plop\vendor\sc4-imgui-service\vendor\gzcom-dll\gzcom-dll\include\cISC4GrowthDeveloper.h">
      <Filter>Header Files</Filter>
    </ClInclude>
    <ClInclude Include="C:\Users\caspe\CLionProjects\sc4-advanced-plop\vendor\sc4-imgui-service\vendor\gzcom-dll\gzcom-dll\include\cISC4HistoryWarehouse.h">
      <Filter>Header Files</Filter>
    </ClInclude>
    <ClInclude Include="C:\Users\caspe\CLionProjects\sc4-advanced-plop\vendor\sc4-imgui-service\vendor\gzcom-dll\gzcom-dll\include\cISC4IndustrialSimulator.h">
      <Filter>Header Files</Filter>
    </ClInclude>
    <ClInclude Include="C:\Users\caspe\CLionProjects\sc4-advanced-plop\vendor\sc4-imgui-service\vendor\gzcom-dll\gzcom-dll\include\cISC4LandValueSimulator.h">
      <Filter>Header Files</Filter>
    </ClInclude>
    <ClInclude Include="C:\Users\caspe\CLionProjects\sc4-advanced-plop\vendor\sc4-imgui-service\vendor\gzcom-dll\gzcom-dll\include\cISC4LandfillDeveloper.h">
      <Filter>Header Files</Filter>
    </ClInclude>
    <ClInclude Include="C:\Users\caspe\CLionProjects\sc4-advanced-plop\vendor\sc4-imgui-service\vendor\gzcom-dll\gzcom-dll\include\cISC4LandfillOccupant.h">
      <Filter>Header Files</Filter>
    </ClInclude>
    <ClInclude Include="C:\Users\caspe\CLionProjects\sc4-advanced-plop\vendor\sc4-imgui-service\vendor\gzcom-dll\gzcom-dll\include\cISC4LineItem.h">
      <Filter>Header Files</Filter>
    </ClInclude>
    <ClInclude Include="C:\Users\caspe\CLionProjects\sc4-advanced-plop\vendor\sc4-imgui-service\vendor\gzcom-dll\gzcom-dll\include\cISC4Lot.h">
      <Filter>Header Files</Filter>
    </ClInclude>
    <ClInclude Include="C:\Users\caspe\CLionProjects\sc4-advanced-plop\vendor\sc4-imgui-service\vendor\gzcom-dll\gzcom-dll\include\cISC4LotBaseTextureOccupant.h">
      <Filter>Header Files</Filter>
    </ClInclude>
    <ClInclude Include="C:\Users\caspe\CLionProjects\sc4-advanced-plop\vendor\sc4-imgui-service\vendor\gzcom-dll\gzcom-dll\include\cISC4LotConfiguration.h">
      <Filter>Header Files</Filter>
    </ClInclude>
    <ClInclude Include="C:\Users\caspe\CLionProjects\sc4-advanced-plop\vendor\sc4-imgui-service\vendor\gzcom-dll\gzcom-dll\include\cISC4LotConfigurationFilter.h">
      <Filter>Header Files</Filter>
    </ClInclude>
    <ClInclude Include="C:\Users\caspe\CLionProjects\sc4-advanced-plop\vendor\sc4-imgui-service\vendor\gzcom-dll\gzcom-dll\include\cISC4LotConfigurationManager.h">
      <Filter>Header Files</Filter>
    </ClInclude>
    <ClInclude Include="C:\Users\caspe\CLionProjects\sc4-advanced-plop\vendor\sc4-imgui-service\vendor\gzcom-dll\gzcom-dll\include\cISC4LotDeveloper.h">
      <Filter>Header Files</Filter>
    </ClInclude>
    <ClInclude Include="C:\Users\caspe\CLionProjects\sc4-advanced-plop\vendor\sc4-imgui-service\vendor\gzcom-dll\gzcom-dll\include\cISC4LotManager.h">
      <Filter>Header Files</Filter>
    </ClInclude>
    <ClInclude Include="C:\Users\caspe\CLionProjects\sc4-advanced-plop\vendor\sc4-imgui-service\vendor\gzcom-dll\gzcom-dll\include\cISC4LotRetainingWallOccupant.h">
      <Filter>Header Files</Filter>
    </ClInclude>
    <ClInclude Include="C:\Users\caspe\CLionProjects\sc4-advanced-plop\vendor\sc4-imgui-service\vendor\gzcom-dll\gzcom-dll\include\cISC4MySim.h">
      <Filter>Header Files</Filter>
    </ClInclude>
    <ClInclude Include="C:\Users\caspe\CLionProjects\sc4-advanced-plop\vendor\sc4-imgui-service\vendor\gzcom-dll\gzcom-dll\include\cISC4MySimAgentSimulator.h">
      <Filter>Header Files</Filter>
    </ClInclude>
    <ClInclude Include="C:\Users\caspe\CLionProjects\sc4-advanced-plop\vendor\sc4-imgui-service\vendor\gzcom-dll\gzcom-dll\include\cISC4Nation.h">
      <Filter>Header Files</Filter>
    </ClInclude>
    <ClInclude Include="C:\Users\caspe\CLionProjects\sc4-advanced-plop\vendor\sc4-imgui-service\vendor\gzcom-dll\gzcom-dll\include\cISC4NeighborConnection.h">
      <Filter>Header Files</Filter>
    </ClInclude>
    <ClInclude Include="C:\Users\caspe\CLionProjects\sc4-advanced-plop\vendor\sc4-imgui-service\vendor\gzcom-dll\gzcom-dll\include\cISC4NeighborDeal.h">
      <Filter>Header Files</Filter>
    </ClInclude>
    <ClInclude Include="C:\Users\caspe\CLionProjects\sc4-advanced-plop\vendor\sc4-imgui-service\vendor\gzcom-dll\gzcom-dll\include\cISC4NeighborsSimulator.h">
      <Filter>Header Files</Filter>
    </ClInclude>
    <ClInclude Include="C:\Users\caspe\CLionProjects\sc4-advanced-plop\vendor\sc4-imgui-service\vendor\gzcom-dll\gzcom-dll\include\cISC4NetworkLot.h">
      <Filter>Header Files</Filter>
    </ClInclude>
    <ClInclude Include="C:\Users\caspe\CLionProjects\sc4-advanced-plop\vendor\sc4-imgui-service\vendor\gzcom-dll\gzcom-dll\include\cISC4NetworkLotConfiguration.h">
      <Filter>Header Files</Filter>
    </ClInclude>
    <ClInclude Include="C:\Users\caspe\CLionProjects\sc4-advanced-plop\vendor\sc4-imgui-service\vendor\gzcom-dll\gzcom-dll\include\cISC4NetworkLotManager.h">
      <Filter>Header Files</Filter>
    </ClInclude>
    <ClInclude Include="C:\Users\caspe\CLionProjects\sc4-advanced-plop\vendor\sc4-imgui-service\vendor\gzcom-dll\gzcom-dll\include\cISC4NetworkManager.h">
      <Filter>Header Files</Filter>
    </ClInclude>
    <ClInclude Include="C:\Users\caspe\CLionProjects\sc4-advanced-plop\vendor\sc4-imgui-service\vendor\gzcom-dll\gzcom-dll\include\cISC4NetworkOccupant.h">
      <Filter>Header Files</Filter>
    </ClInclude>
    <ClInclude Include="C:\Users\caspe\CLionProjects\sc4-advanced-plop\vendor\sc4-imgui-service\vendor\gzcom-dll\gzcom-dll\include\cISC4NetworkTool.h">
      <Filter>Header Files</Filter>
    </ClInclude>
    <ClInclude Include="C:\Users\caspe\CLionProjects\sc4-advanced-plop\vendor\sc4-imgui-service\vendor\gzcom-dll\gzcom-dll\include\cISC4Occupant.h">
      <Filter>Header Files</Filter>
    </ClInclude>
    <ClInclude Include="C:\Users\caspe\CLionProjects\sc4-advanced-plop\vendor\sc4-imgui-service\vendor\gzcom-dll\gzcom-dll\include\cISC4OccupantFilter.h">
      <Filter>Header Files</Filter>
    </ClInclude>
    <ClInclude Include="C:\Users\caspe\CLionProjects\sc4-advanced-plop\vendor\sc4-imgui-service\vendor\gzcom-dll\gzcom-dll\include\cISC4OccupantManager.h">
      <Filter>Header Files</Filter>
    </ClInclude>
    <ClInclude Include="C:\Users\caspe\CLionProjects\sc4-advanced-plop\vendor\sc4-imgui-service\vendor\gzcom-dll\gzcom-dll\include\cISC4Ordinance.h">
      <Filter>Header Files</Filter>
    </ClInclude>
    <ClInclude Include="C:\Users\caspe\CLionProjects\sc4-advanced-plop\vendor\sc4-imgui-service\vendor\gzcom-dll\gzcom-dll\include\cISC4OrdinanceSimulator.h">
      <Filter>Header Files</Filter>
    </ClInclude>
    <ClInclude Include="C:\Users\caspe\CLionProjects\sc4-advanced-plop\vendor\sc4-imgui-service\vendor\gzcom-dll\gzcom-dll\include\cISC4ParkManager.h">
      <Filter>Header Files</Filter>
    </ClInclude>
    <ClInclude Include="C:\Users\caspe\CLionProjects\sc4-advanced-plop\vendor\sc4-imgui-service\vendor\gzcom-dll\gzcom-dll\include\cISC4PlumbingSimulator.h">
      <Filter>Header Files</Filter>
    </ClInclude>
    <ClInclude Include="C:\Users\caspe\CLionProjects\sc4-advanced-plop\vendor\sc4-imgui-service\vendor\gzcom-dll\gzcom-dll\include\cISC4PoliceSimulator.h">
      <Filter>Header Files</Filter>
    </ClInclude>
    <ClInclude Include="C:\Users\caspe\CLionProjects\sc4-advanced-plop\vendor\sc4-imgui-service\vendor\gzcom-dll\gzcom-dll\include\cISC4PollutionSimulator.h">
      <Filter>Header Files</Filter>
    </ClInclude>
    <ClInclude Include="C:\Users\caspe\CLionProjects\sc4-advanced-plop\vendor\sc4-imgui-service\vendor\gzcom-dll\gzcom-dll\include\cISC4PortDeveloper.h">
      <Filter>Header Files</Filter>
    </ClInclude>
    <ClInclude Include="C:\Users\caspe\CLionProjects\sc4-advanced-plop\vendor\sc4-imgui-service\vendor\gzcom-dll\gzcom-dll\include\cISC4PowerLineOccupant.h">
      <Filter>Header Files</Filter>
    </ClInclude>
    <ClInclude Include="C:\Users\caspe\CLionProjects\sc4-advanced-plop\vendor\sc4-imgui-service\vendor\gzcom-dll\gzcom-dll\include\cISC4PowerSimulator.h">
      <Filter>Header Files</Filter>
    </ClInclude>
    <ClInclude Include="C:\Users\caspe\CLionProjects\sc4-advanced-plop\vendor\sc4-imgui-service\vendor\gzcom-dll\gzcom-dll\include\cISC4PropDeveloper.h">
      <Filter>Header Files</Filter>
    </ClInclude>
    <ClInclude Include="C:\Users\caspe\CLionProjects\sc4-advanced-plop\vendor\sc4-imgui-service\vendor\gzcom-dll\gzcom-dll\include\cISC4PropManager.h">
      <Filter>Header Files</Filter>
    </ClInclude>
    <ClInclude Include="C:\Users\caspe\CLionProjects\sc4-advanced-plop\vendor\sc4-imgui-service\vendor\gzcom-dll\gzcom-dll\include\cISC4PropOccupant.h">
      <Filter>Header Files</Filter>
    </ClInclude>
    <ClInclude Include="C:\Users\caspe\CLionProjects\sc4-advanced-plop\vendor\sc4-imgui-service\vendor\gzcom-dll\gzcom-dll\include\cISC4PylonOccupant.h">
      <Filter>Header Files</Filter>
    </ClInclude>
    <ClInclude Include="C:\Users\caspe\CLionProjects\sc4-advanced-plop\vendor\sc4-imgui-service\vendor\gzcom-dll\gzcom-dll\include\cISC4Region.h">
      <Filter>Header Files</Filter>
    </ClInclude>
    <ClInclude Include="C:\Users\caspe\CLionProjects\sc4-advanced-plop\vendor\sc4-imgui-service\vendor\gzcom-dll\gzcom-dll\include\cISC4RegionalCity.h">
      <Filter>Header Files</Filter>
    </ClInclude>
    <ClInclude Include="C:\Users\caspe\CLionProjects\sc4-advanced-plop\vendor\sc4-imgui-service\vendor\gzcom-dll\gzcom-dll\include\cISC4RenderProperties.h">
      <Filter>Header Files</Filter>
    </ClInclude>
    <ClInclude Include="C:\Users\caspe\CLionProjects\sc4-advanced-plop\vendor\sc4-imgui-service\vendor\gzcom-dll\gzcom-dll\include\cISC4ResidentialSimulator.h">
      <Filter>Header Files</Filter>
    </ClInclude>
    <ClInclude Include="C:\Users\caspe\CLionProjects\sc4-advanced-plop\vendor\sc4-imgui-service\vendor\gzcom-dll\gzcom-dll\include\cISC4SeaportDeveloper.h">
      <Filter>Header Files</Filter>
    </ClInclude>
    <ClInclude Include="C:\Users\caspe\CLionProjects\sc4-advanced-plop\vendor\sc4-imgui-service\vendor\gzcom-dll\gzcom-dll\include\cISC4SimGrid.h">
      <Filter>Header Files</Filter>
    </ClInclude>
    <ClInclude Include="C:\Users\caspe\CLionProjects\sc4-advanced-plop\vendor\sc4-imgui-service\vendor\gzcom-dll\gzcom-dll\include\cISC4Simulator.h">
      <Filter>Header Files</Filter>
    </ClInclude>
    <ClInclude Include="C:\Users\caspe\CLionProjects\sc4-advanced-plop\vendor\sc4-imgui-service\vendor\gzcom-dll\gzcom-dll\include\cISC4TractDeveloper.h">
      <Filter>Header Files</Filter>
    </ClInclude>
    <ClInclude Include="C:\Users\caspe\CLionProjects\sc4-advanced-plop\vendor\sc4-imgui-service\vendor\gzcom-dll\gzcom-dll\include\cISC4TrafficSimulator.h">
      <Filter>Header Files</Filter>
    </ClInclude>
    <ClInclude Include="C:\Users\caspe\CLionProjects\sc4-advanced-plop\vendor\sc4-imgui-service\vendor\gzcom-dll\gzcom-dll\include\cISC4TrafficSource.h">
      <Filter>Header Files</Filter>
    </ClInclude>
    <ClInclude Include="C:\Users\caspe\CLionProjects\sc4-advanced-plop\vendor\sc4-imgui-service\vendor\gzcom-dll\gzcom-dll\include\cISC4TutorialSystem.h">
      <Filter>Header Files</Filter>
    </ClInclude>
    <ClInclude Include="C:\Users\caspe\CLionProjects\sc4-advanced-plop\vendor\sc4-imgui-service\vendor\gzcom-dll\gzcom-dll\include\cISC4View3DWin.h">
      <Filter>Header Files</Filter>
    </ClInclude>
    <ClInclude Include="C:\Users\caspe\CLionProjects\sc4-advanced-plop\vendor\sc4-imgui-service\vendor\gzcom-dll\gzcom-dll\include\cISC4ViewInputControl.h">
      <Filter>Header Files</Filter>
    </ClInclude>
    <ClInclude Include="C:\Users\caspe\CLionProjects\sc4-advanced-plop\vendor\sc4-imgui-service\vendor\gzcom-dll\gzcom-dll\include\cISC4VisualEffect.h">
      <Filter>Header Files</Filter>
    </ClInclude>
    <ClInclude Include="C:\Users\caspe\CLionProjects\sc4-advanced-plop\vendor\sc4-imgui-service\vendor\gzcom-dll\gzcom-dll\include\cISC4WeatherSimulator.h">
      <Filter>Header Files</Filter>
    </ClInclude>
    <ClInclude Include="C:\Users\caspe\CLionProjects\sc4-advanced-plop\vendor\sc4-imgui-service\vendor\gzcom-dll\gzcom-dll\include\cISC4ZoneDeveloper.h">
      <Filter>Header Files</Filter>
    </ClInclude>
    <ClInclude Include="C:\Users\caspe\CLionProjects\sc4-advanced-plop\vendor\sc4-imgui-service\vendor\gzcom-dll\gzcom-dll\include\cISC4ZoneManager.h">
      <Filter>Header Files</Filter>
    </ClInclude>
    <ClInclude Include="C:\Users\caspe\CLionProjects\sc4-advanced-plop\vendor\sc4-imgui-service\vendor\gzcom-dll\gzcom-dll\include\cISCExemplarPropertyHolder.h">
      <Filter>Header Files</Filter>
    </ClInclude>
    <ClInclude Include="C:\Users\caspe\CLionProjects\sc4-advanced-plop\vendor\sc4-imgui-service\vendor\gzcom-dll\gzcom-dll\include\cISCLua.h">
      <Filter>Header Files</Filter>
    </ClInclude>
    <ClInclude Include="C:\Users\caspe\CLionProjects\sc4-advanced-plop\vendor\sc4-imgui-service\vendor\gzcom-dll\gzcom-dll\include\cISCProperty.h">
      <Filter>Header Files</Filter>
    </ClInclude>
    <ClInclude Include="C:\Users\caspe\CLionProjects\sc4-advanced-plop\vendor\sc4-imgui-service\vendor\gzcom-dll\gzcom-dll\include\cISCPropertyHolder.h">
      <Filter>Header Files</Filter>
    </ClInclude>
    <ClInclude Include="C:\Users\caspe\CLionProjects\sc4-advanced-plop\vendor\sc4-imgui-service\vendor\gzcom-dll\gzcom-dll\include\cISCResExemplar.h">
      <Filter>Header Files</Filter>
    </ClInclude>
    <ClInclude Include="C:\Users\caspe\CLionProjects\sc4-advanced-plop\vendor\sc4-imgui-service\vendor\gzcom-dll\gzcom-dll\include\cISCResExemplarCohort.h">
      <Filter>Header Files</Filter>
    </ClInclude>
    <ClInclude Include="C:\Users\caspe\CLionProjects\sc4-advanced-plop\vendor\sc4-imgui-service\vendor\gzcom-dll\gzcom-dll\include\cISCStringDetokenizer.h">
      <Filter>Header Files</Filter>
    </ClInclude>
    <ClInclude Include="C:\Users\caspe\CLionProjects\sc4-advanced-plop\vendor\sc4-imgui-service\vendor\gzcom-dll\gzcom-dll\include\cISTESurfaceWater.h">
      <Filter>Header Files</Filter>
    </ClInclude>
    <ClInclude Include="C:\Users\caspe\CLionProjects\sc4-advanced-plop\vendor\sc4-imgui-service\vendor\gzcom-dll\gzcom-dll\include\cISTETerrain.h">
      <Filter>Header Files</Filter>
    </ClInclude>
    <ClInclude Include="C:\Users\caspe\CLionProjects\sc4-advanced-plop\vendor\sc4-imgui-service\vendor\gzcom-dll\gzcom-dll\include\cISTETerrainMap.h">
      <Filter>Header Files</Filter>
    </ClInclude>
    <ClInclude Include="C:\Users\caspe\CLionProjects\sc4-advanced-plop\vendor\sc4-imgui-service\vendor\gzcom-dll\gzcom-dll\include\cISTETerrainView.h">
      <Filter>Header Files</Filter>
    </ClInclude>
    <ClInclude Include="C:\Users\caspe\CLionProjects\sc4-advanced-plop\vendor\sc4-imgui-service\vendor\gzcom-dll\gzcom-dll\include\cRZAutoRefCount.h">
      <Filter>Header Files</Filter>
    </ClInclude>
    <ClInclude Include="C:\Users\caspe\CLionProjects\sc4-advanced-plop\vendor\sc4-imgui-service\vendor\gzcom-dll\gzcom-dll\include\cRZBaseString.h">
      <Filter>Header Files</Filter>
    </ClInclude>
    <ClInclude Include="C:\Users\caspe\CLionProjects\sc4-advanced-plop\vendor\sc4-imgui-service\vendor\gzcom-dll\gzcom-dll\include\cRZBaseSystemService.h">
      <Filter>Header Files</Filter>
    </ClInclude>
    <ClInclude Include="C:\Users\caspe\CLionProjects\sc4-advanced-plop\vendor\sc4-imgui-service\vendor\gzcom-dll\gzcom-dll\include\cRZBaseUnknown.h">
      <Filter>Header Files</Filter>
    </ClInclude>
    <ClInclude Include="C:\Users\caspe\CLionProjects\sc4-advanced-plop\vendor\sc4-imgui-service\vendor\gzcom-dll\gzcom-dll\include\cRZBaseVariant.h">
      <Filter>Header Files</Filter>
    </ClInclude>
    <ClInclude Include="C:\Users\caspe\CLionProjects\sc4-advanced-plop\vendor\sc4-imgui-service\vendor\gzcom-dll\gzcom-dll\include\cRZBaseWinProc.h">
      <Filter>Header Files</Filter>
    </ClInclude>
    <ClInclude Include="C:\Users\caspe\CLionProjects\sc4-advanced-plop\vendor\sc4-imgui-service\vendor\gzcom-dll\gzcom-dll\include\cRZCOMDllDirector.h">
      <Filter>Header Files</Filter>
    </ClInclude>
    <ClInclude Include="C:\Users\caspe\CLionProjects\sc4-advanced-plop\vendor\sc4-imgui-service\vendor\gzcom-dll\gzcom-dll\include\cRZCellMap.h">
      <Filter>Header Files</Filter>
    </ClInclude>
    <ClInclude Include="C:\Users\caspe\CLionProjects\sc4-advanced-plop\vendor\sc4-imgui-service\vendor\gzcom-dll\gzcom-dll\include\cRZMessage2.h">
      <Filter>Header Files</Filter>
    </ClInclude>
    <ClInclude Include="C:\Users\caspe\CLionProjects\sc4-advanced-plop\vendor\sc4-imgui-service\vendor\gzcom-dll\gzcom-dll\include\cRZMessage2COMDirector.h">
      <Filter>Header Files</Filter>
    </ClInclude>
    <ClInclude Include="C:\Users\caspe\CLionProjects\sc4-advanced-plop\vendor\sc4-imgui-service\vendor\gzcom-dll\gzcom-dll\include\cRZMessage2Standard.h">
      <Filter>Header Files</Filter>
    </ClInclude>
    <ClInclude Include="C:\Users\caspe\CLionProjects\sc4-advanced-plop\vendor\sc4-imgui-service\vendor\gzcom-dll\gzcom-dll\include\cRZPoint.h">
      <Filter>Header Files</Filter>
    </ClInclude>
    <ClInclude Include="C:\Users\caspe\CLionProjects\sc4-advanced-plop\vendor\sc4-imgui-service\vendor\gzcom-dll\gzcom-dll\include\cRZRect.h">
      <Filter>Header Files</Filter>
    </ClInclude>
    <ClInclude Include="C:\Users\caspe\CLionProjects\sc4-advanced-plop\vendor\sc4-imgui-service\vendor\gzcom-dll\gzcom-dll\include\cRZSysServPtr.h">
      <Filter>Header Files</Filter>
    </ClInclude>
    <ClInclude Include="C:\Users\caspe\CLionProjects\sc4-advanced-plop\vendor\sc4-imgui-service\vendor\gzcom-dll\gzcom-dll\include\cRZUnknown.h">
      <Filter>Header Files</Filter>
    </ClInclude>
    <ClInclude Include="C:\Users\caspe\CLionProjects\sc4-advanced-plop\vendor\sc4-imgui-service\vendor\gzcom-dll\gzcom-dll\include\cS3DCamera.h">
      <Filter>Header Files</Filter>
    </ClInclude>
    <ClInclude Include="C:\Users\caspe\CLionProjects\sc4-advanced-plop\vendor\sc4-imgui-service\vendor\gzcom-dll\gzcom-dll\include\cS3DTextureBinding.h">
      <Filter>Header Files</Filter>
    </ClInclude>
    <ClInclude Include="C:\Users\caspe\CLionProjects\sc4-advanced-plop\vendor\sc4-imgui-service\vendor\gzcom-dll\gzcom-dll\include\cS3DVector2.h">
      <Filter>Header Files</Filter>
    </ClInclude>
    <ClInclude Include="C:\Users\caspe\CLionProjects\sc4-advanced-plop\vendor\sc4-imgui-service\vendor\gzcom-dll\gzcom-dll\include\cS3DVector3.h">
      <Filter>Header Files</Filter>
    </ClInclude>
    <ClInclude Include="C:\Users\caspe\CLionProjects\sc4-advanced-plop\vendor\sc4-imgui-service\vendor\gzcom-dll\gzcom-dll\include\cSC4BaseLotConfigurationFilter.h">
      <Filter>Header Files</Filter>
    </ClInclude>
    <ClInclude Include="C:\Users\caspe\CLionProjects\sc4-advanced-plop\vendor\sc4-imgui-service\vendor\gzcom-dll\gzcom-dll\include\cSC4BaseOccupantFilter.h">
      <Filter>Header Files</Filter>
    </ClInclude>
    <ClInclude Include="C:\Users\caspe\CLionProjects\sc4-advanced-plop\vendor\sc4-imgui-service\vendor\gzcom-dll\gzcom-dll\include\cSC4BaseViewInputControl.h">
      <Filter>Header Files</Filter>
    </ClInclude>
    <ClInclude Include="C:\Users\caspe\CLionProjects\sc4-advanced-plop\vendor\sc4-imgui-service\vendor\gzcom-dll\gzcom-dll\include\cSC4EdgeConnectionStore.h">
      <Filter>Header Files</Filter>
    </ClInclude>
    <ClInclude Include="C:\Users\caspe\CLionProjects\sc4-advanced-plop\vendor\sc4-imgui-service\vendor\gzcom-dll\gzcom-dll\include\cSC4NetworkTool.h">
      <Filter>Header Files</Filter>
    </ClInclude>
    <ClInclude Include="C:\Users\caspe\CLionProjects\sc4-advanced-plop\vendor\sc4-imgui-service\vendor\gzcom-dll\gzcom-dll\include\cSC4OccupantTypeFilter.h">
      <Filter>Header Files</Filter>
    </ClInclude>
    <ClInclude Include="C:\Users\caspe\CLionProjects\sc4-advanced-plop\vendor\sc4-imgui-service\vendor\gzcom-dll\gzcom-dll\include\cSCBaseProperty.h">
      <Filter>Header Files</Filter>
    </ClInclude>
    <ClInclude Include="C:\Users\caspe\CLionProjects\sc4-advanced-plop\vendor\sc4-imgui-service\vendor\gzcom-dll\gzcom-dll\include\ilist.h">
      <Filter>Header Files</Filter>
    </ClInclude>
    <ClInclude Include="C:\Users\caspe\CLionProjects\sc4-advanced-plop\vendor\sc4-imgui-service\vendor\gzcom-dll\gzcom-dll\include\sGDMode.h">
      <Filter>Header Files</Filter>
    </ClInclude>
  </ItemGroup>
  <ItemGroup>
    <CustomBuild Include="C:\Users\caspe\CLionProjects\sc4-advanced-plop\vendor\sc4-imgui-service\CMakeLists.txt" />
  </ItemGroup>
  <ItemGroup>
    <Filter Include="Header Files">
      <UniqueIdentifier>{AB8A760D-2556-30B1-AB1D-0C021E106CA7}</UniqueIdentifier>
    </Filter>
    <Filter Include="Source Files">
      <UniqueIdentifier>{3B6D1F56-EF80-3A00-B70F-204EF1BB10E5}</UniqueIdentifier>
    </Filter>
  </ItemGroup>
</Project>
