
Microsoft Visual Studio Solution File, Format Version 12.00
# Visual Studio Version 17
Project("{2150E333-8FDC-42A3-9474-1A3956D46DE8}") = "CMakePredefinedTargets", "CMakePredefinedTargets", "{375B8AE0-5504-3F17-915C-7FF602A82D67}"
EndProject
Project("{8BC9CEB8-8B4A-11D0-8D11-00A0C91BC942}") = "ALL_BUILD", "ALL_BUILD.vcxproj", "{EB683993-C3F6-3D31-8661-6D6EAFAF4B13}"
	ProjectSection(ProjectDependencies) = postProject
		{418450FF-A06D-33CF-B33A-FF4D76D59F06} = {418450FF-A06D-33CF-B33A-FF4D76D59F06}
		{96EA6CFB-F60B-3097-82B9-B700FFAE4B69} = {96EA6CFB-F60B-3097-82B9-B700FFAE4B69}
		{0A31B9E2-C8D3-3B50-A19F-06186AF81069} = {0A31B9E2-C8D3-3B50-A19F-06186AF81069}
		{D3016C11-85E6-36D4-92FB-1191A73CF656} = {D3016C11-85E6-36D4-92FB-1191A73CF656}
		{0BD2E999-5583-3519-9611-8843EFF0B628} = {0BD2E999-5583-3519-9611-8843EFF0B628}
		{FB5D9DD0-8C7C-32B5-BF9E-0DFBAEB1971A} = {FB5D9DD0-8C7C-32B5-BF9E-0DFBAEB1971A}
		{ACF64FEB-356B-30DB-8600-4C52BF76160C} = {ACF64FEB-356B-30DB-8600-4C52BF76160C}
		{A8B777D1-874D-36B7-94F3-5F200B9AF53A} = {A8B777D1-874D-36B7-94F3-5F200B9AF53A}
		{D524FCAA-CD8A-36D1-8D12-EF75CD6FF6AE} = {D524FCAA-CD8A-36D1-8D12-EF75CD6FF6AE}
	EndProjectSection
EndProject
Project("{8BC9CEB8-8B4A-11D0-8D11-00A0C91BC942}") = "SC4ImGuiAllTargets", "SC4ImGuiAllTargets.vcxproj", "{1B57F65F-CA5F-3AD3-87B9-8493DAC6195B}"
	ProjectSection(ProjectDependencies) = postProject
		{418450FF-A06D-33CF-B33A-FF4D76D59F06} = {418450FF-A06D-33CF-B33A-FF4D76D59F06}
		{96EA6CFB-F60B-3097-82B9-B700FFAE4B69} = {96EA6CFB-F60B-3097-82B9-B700FFAE4B69}
		{0A31B9E2-C8D3-3B50-A19F-06186AF81069} = {0A31B9E2-C8D3-3B50-A19F-06186AF81069}
		{D3016C11-85E6-36D4-92FB-1191A73CF656} = {D3016C11-85E6-36D4-92FB-1191A73CF656}
		{0BD2E999-5583-3519-9611-8843EFF0B628} = {0BD2E999-5583-3519-9611-8843EFF0B628}
		{FB5D9DD0-8C7C-32B5-BF9E-0DFBAEB1971A} = {FB5D9DD0-8C7C-32B5-BF9E-0DFBAEB1971A}
		{A8B777D1-874D-36B7-94F3-5F200B9AF53A} = {A8B777D1-874D-36B7-94F3-5F200B9AF53A}
	EndProjectSection
EndProject
Project("{8BC9CEB8-8B4A-11D0-8D11-00A0C91BC942}") = "SC4ImGuiSample", "SC4ImGuiSample.vcxproj", "{418450FF-A06D-33CF-B33A-FF4D76D59F06}"
	ProjectSection(ProjectDependencies) = postProject
		{FB5D9DD0-8C7C-32B5-BF9E-0DFBAEB1971A} = {FB5D9DD0-8C7C-32B5-BF9E-0DFBAEB1971A}
		{ACF64FEB-356B-30DB-8600-4C52BF76160C} = {ACF64FEB-356B-30DB-8600-4C52BF76160C}
		{A8B777D1-874D-36B7-94F3-5F200B9AF53A} = {A8B777D1-874D-36B7-94F3-5F200B9AF53A}
		{D524FCAA-CD8A-36D1-8D12-EF75CD6FF6AE} = {D524FCAA-CD8A-36D1-8D12-EF75CD6FF6AE}
	EndProjectSection
EndProject
Project("{8BC9CEB8-8B4A-11D0-8D11-00A0C91BC942}") = "SC4ImGuiSampleCity", "SC4ImGuiSampleCity.vcxproj", "{96EA6CFB-F60B-3097-82B9-B700FFAE4B69}"
	ProjectSection(ProjectDependencies) = postProject
		{FB5D9DD0-8C7C-32B5-BF9E-0DFBAEB1971A} = {FB5D9DD0-8C7C-32B5-BF9E-0DFBAEB1971A}
		{ACF64FEB-356B-30DB-8600-4C52BF76160C} = {ACF64FEB-356B-30DB-8600-4C52BF76160C}
		{A8B777D1-874D-36B7-94F3-5F200B9AF53A} = {A8B777D1-874D-36B7-94F3-5F200B9AF53A}
		{D524FCAA-CD8A-36D1-8D12-EF75CD6FF6AE} = {D524FCAA-CD8A-36D1-8D12-EF75CD6FF6AE}
	EndProjectSection
EndProject
Project("{8BC9CEB8-8B4A-11D0-8D11-00A0C91BC942}") = "SC4ImGuiSampleDemo", "SC4ImGuiSampleDemo.vcxproj", "{0A31B9E2-C8D3-3B50-A19F-06186AF81069}"
	ProjectSection(ProjectDependencies) = postProject
		{FB5D9DD0-8C7C-32B5-BF9E-0DFBAEB1971A} = {FB5D9DD0-8C7C-32B5-BF9E-0DFBAEB1971A}
		{ACF64FEB-356B-30DB-8600-4C52BF76160C} = {ACF64FEB-356B-30DB-8600-4C52BF76160C}
		{A8B777D1-874D-36B7-94F3-5F200B9AF53A} = {A8B777D1-874D-36B7-94F3-5F200B9AF53A}
		{D524FCAA-CD8A-36D1-8D12-EF75CD6FF6AE} = {D524FCAA-CD8A-36D1-8D12-EF75CD6FF6AE}
	EndProjectSection
EndProject
Project("{8BC9CEB8-8B4A-11D0-8D11-00A0C91BC942}") = "SC4ImGuiService", "SC4ImGuiService.vcxproj", "{D3016C11-85E6-36D4-92FB-1191A73CF656}"
	ProjectSection(ProjectDependencies) = postProject
		{FB5D9DD0-8C7C-32B5-BF9E-0DFBAEB1971A} = {FB5D9DD0-8C7C-32B5-BF9E-0DFBAEB1971A}
		{ACF64FEB-356B-30DB-8600-4C52BF76160C} = {ACF64FEB-356B-30DB-8600-4C52BF76160C}
		{A8B777D1-874D-36B7-94F3-5F200B9AF53A} = {A8B777D1-874D-36B7-94F3-5F200B9AF53A}
		{D524FCAA-CD8A-36D1-8D12-EF75CD6FF6AE} = {D524FCAA-CD8A-36D1-8D12-EF75CD6FF6AE}
	EndProjectSection
EndProject
Project("{8BC9CEB8-8B4A-11D0-8D11-00A0C91BC942}") = "SC4ImGuiTextureSample", "SC4ImGuiTextureSample.vcxproj", "{0BD2E999-5583-3519-9611-8843EFF0B628}"
	ProjectSection(ProjectDependencies) = postProject
		{FB5D9DD0-8C7C-32B5-BF9E-0DFBAEB1971A} = {FB5D9DD0-8C7C-32B5-BF9E-0DFBAEB1971A}
		{ACF64FEB-356B-30DB-8600-4C52BF76160C} = {ACF64FEB-356B-30DB-8600-4C52BF76160C}
		{A8B777D1-874D-36B7-94F3-5F200B9AF53A} = {A8B777D1-874D-36B7-94F3-5F200B9AF53A}
		{D524FCAA-CD8A-36D1-8D12-EF75CD6FF6AE} = {D524FCAA-CD8A-36D1-8D12-EF75CD6FF6AE}
	EndProjectSection
EndProject
Project("{8BC9CEB8-8B4A-11D0-8D11-00A0C91BC942}") = "ZERO_CHECK", "ZERO_CHECK.vcxproj", "{FB5D9DD0-8C7C-32B5-BF9E-0DFBAEB1971A}"
	ProjectSection(ProjectDependencies) = postProject
	EndProjectSection
EndProject
Project("{8BC9CEB8-8B4A-11D0-8D11-00A0C91BC942}") = "gzcom2", "gzcom2.vcxproj", "{ACF64FEB-356B-30DB-8600-4C52BF76160C}"
	ProjectSection(ProjectDependencies) = postProject
		{FB5D9DD0-8C7C-32B5-BF9E-0DFBAEB1971A} = {FB5D9DD0-8C7C-32B5-BF9E-0DFBAEB1971A}
	EndProjectSection
EndProject
Project("{8BC9CEB8-8B4A-11D0-8D11-00A0C91BC942}") = "imgui", "imgui.vcxproj", "{A8B777D1-874D-36B7-94F3-5F200B9AF53A}"
	ProjectSection(ProjectDependencies) = postProject
		{FB5D9DD0-8C7C-32B5-BF9E-0DFBAEB1971A} = {FB5D9DD0-8C7C-32B5-BF9E-0DFBAEB1971A}
	EndProjectSection
EndProject
Project("{8BC9CEB8-8B4A-11D0-8D11-00A0C91BC942}") = "spdlog", "vendor\spdlog\spdlog.vcxproj", "{D524FCAA-CD8A-36D1-8D12-EF75CD6FF6AE}"
	ProjectSection(ProjectDependencies) = postProject
		{FB5D9DD0-8C7C-32B5-BF9E-0DFBAEB1971A} = {FB5D9DD0-8C7C-32B5-BF9E-0DFBAEB1971A}
	EndProjectSection
EndProject
Global
	GlobalSection(SolutionConfigurationPlatforms) = preSolution
		Debug|Win32 = Debug|Win32
		Release|Win32 = Release|Win32
		MinSizeRel|Win32 = MinSizeRel|Win32
		RelWithDebInfo|Win32 = RelWithDebInfo|Win32
	EndGlobalSection
	GlobalSection(ProjectConfigurationPlatforms) = postSolution
		{EB683993-C3F6-3D31-8661-6D6EAFAF4B13}.Debug|Win32.ActiveCfg = Debug|Win32
		{EB683993-C3F6-3D31-8661-6D6EAFAF4B13}.Release|Win32.ActiveCfg = Release|Win32
		{EB683993-C3F6-3D31-8661-6D6EAFAF4B13}.MinSizeRel|Win32.ActiveCfg = MinSizeRel|Win32
		{EB683993-C3F6-3D31-8661-6D6EAFAF4B13}.RelWithDebInfo|Win32.ActiveCfg = RelWithDebInfo|Win32
		{1B57F65F-CA5F-3AD3-87B9-8493DAC6195B}.Debug|Win32.ActiveCfg = Debug|Win32
		{1B57F65F-CA5F-3AD3-87B9-8493DAC6195B}.Release|Win32.ActiveCfg = Release|Win32
		{1B57F65F-CA5F-3AD3-87B9-8493DAC6195B}.MinSizeRel|Win32.ActiveCfg = MinSizeRel|Win32
		{1B57F65F-CA5F-3AD3-87B9-8493DAC6195B}.RelWithDebInfo|Win32.ActiveCfg = RelWithDebInfo|Win32
		{418450FF-A06D-33CF-B33A-FF4D76D59F06}.Debug|Win32.ActiveCfg = Debug|Win32
		{418450FF-A06D-33CF-B33A-FF4D76D59F06}.Debug|Win32.Build.0 = Debug|Win32
		{418450FF-A06D-33CF-B33A-FF4D76D59F06}.Release|Win32.ActiveCfg = Release|Win32
		{418450FF-A06D-33CF-B33A-FF4D76D59F06}.Release|Win32.Build.0 = Release|Win32
		{418450FF-A06D-33CF-B33A-FF4D76D59F06}.MinSizeRel|Win32.ActiveCfg = MinSizeRel|Win32
		{418450FF-A06D-33CF-B33A-FF4D76D59F06}.MinSizeRel|Win32.Build.0 = MinSizeRel|Win32
		{418450FF-A06D-33CF-B33A-FF4D76D59F06}.RelWithDebInfo|Win32.ActiveCfg = RelWithDebInfo|Win32
		{418450FF-A06D-33CF-B33A-FF4D76D59F06}.RelWithDebInfo|Win32.Build.0 = RelWithDebInfo|Win32
		{96EA6CFB-F60B-3097-82B9-B700FFAE4B69}.Debug|Win32.ActiveCfg = Debug|Win32
		{96EA6CFB-F60B-3097-82B9-B700FFAE4B69}.Debug|Win32.Build.0 = Debug|Win32
		{96EA6CFB-F60B-3097-82B9-B700FFAE4B69}.Release|Win32.ActiveCfg = Release|Win32
		{96EA6CFB-F60B-3097-82B9-B700FFAE4B69}.Release|Win32.Build.0 = Release|Win32
		{96EA6CFB-F60B-3097-82B9-B700FFAE4B69}.MinSizeRel|Win32.ActiveCfg = MinSizeRel|Win32
		{96EA6CFB-F60B-3097-82B9-B700FFAE4B69}.MinSizeRel|Win32.Build.0 = MinSizeRel|Win32
		{96EA6CFB-F60B-3097-82B9-B700FFAE4B69}.RelWithDebInfo|Win32.ActiveCfg = RelWithDebInfo|Win32
		{96EA6CFB-F60B-3097-82B9-B700FFAE4B69}.RelWithDebInfo|Win32.Build.0 = RelWithDebInfo|Win32
		{0A31B9E2-C8D3-3B50-A19F-06186AF81069}.Debug|Win32.ActiveCfg = Debug|Win32
		{0A31B9E2-C8D3-3B50-A19F-06186AF81069}.Debug|Win32.Build.0 = Debug|Win32
		{0A31B9E2-C8D3-3B50-A19F-06186AF81069}.Release|Win32.ActiveCfg = Release|Win32
		{0A31B9E2-C8D3-3B50-A19F-06186AF81069}.Release|Win32.Build.0 = Release|Win32
		{0A31B9E2-C8D3-3B50-A19F-06186AF81069}.MinSizeRel|Win32.ActiveCfg = MinSizeRel|Win32
		{0A31B9E2-C8D3-3B50-A19F-06186AF81069}.MinSizeRel|Win32.Build.0 = MinSizeRel|Win32
		{0A31B9E2-C8D3-3B50-A19F-06186AF81069}.RelWithDebInfo|Win32.ActiveCfg = RelWithDebInfo|Win32
		{0A31B9E2-C8D3-3B50-A19F-06186AF81069}.RelWithDebInfo|Win32.Build.0 = RelWithDebInfo|Win32
		{D3016C11-85E6-36D4-92FB-1191A73CF656}.Debug|Win32.ActiveCfg = Debug|Win32
		{D3016C11-85E6-36D4-92FB-1191A73CF656}.Debug|Win32.Build.0 = Debug|Win32
		{D3016C11-85E6-36D4-92FB-1191A73CF656}.Release|Win32.ActiveCfg = Release|Win32
		{D3016C11-85E6-36D4-92FB-1191A73CF656}.Release|Win32.Build.0 = Release|Win32
		{D3016C11-85E6-36D4-92FB-1191A73CF656}.MinSizeRel|Win32.ActiveCfg = MinSizeRel|Win32
		{D3016C11-85E6-36D4-92FB-1191A73CF656}.MinSizeRel|Win32.Build.0 = MinSizeRel|Win32
		{D3016C11-85E6-36D4-92FB-1191A73CF656}.RelWithDebInfo|Win32.ActiveCfg = RelWithDebInfo|Win32
		{D3016C11-85E6-36D4-92FB-1191A73CF656}.RelWithDebInfo|Win32.Build.0 = RelWithDebInfo|Win32
		{0BD2E999-5583-3519-9611-8843EFF0B628}.Debug|Win32.ActiveCfg = Debug|Win32
		{0BD2E999-5583-3519-9611-8843EFF0B628}.Debug|Win32.Build.0 = Debug|Win32
		{0BD2E999-5583-3519-9611-8843EFF0B628}.Release|Win32.ActiveCfg = Release|Win32
		{0BD2E999-5583-3519-9611-8843EFF0B628}.Release|Win32.Build.0 = Release|Win32
		{0BD2E999-5583-3519-9611-8843EFF0B628}.MinSizeRel|Win32.ActiveCfg = MinSizeRel|Win32
		{0BD2E999-5583-3519-9611-8843EFF0B628}.MinSizeRel|Win32.Build.0 = MinSizeRel|Win32
		{0BD2E999-5583-3519-9611-8843EFF0B628}.RelWithDebInfo|Win32.ActiveCfg = RelWithDebInfo|Win32
		{0BD2E999-5583-3519-9611-8843EFF0B628}.RelWithDebInfo|Win32.Build.0 = RelWithDebInfo|Win32
		{FB5D9DD0-8C7C-32B5-BF9E-0DFBAEB1971A}.Debug|Win32.ActiveCfg = Debug|Win32
		{FB5D9DD0-8C7C-32B5-BF9E-0DFBAEB1971A}.Debug|Win32.Build.0 = Debug|Win32
		{FB5D9DD0-8C7C-32B5-BF9E-0DFBAEB1971A}.Release|Win32.ActiveCfg = Release|Win32
		{FB5D9DD0-8C7C-32B5-BF9E-0DFBAEB1971A}.Release|Win32.Build.0 = Release|Win32
		{FB5D9DD0-8C7C-32B5-BF9E-0DFBAEB1971A}.MinSizeRel|Win32.ActiveCfg = MinSizeRel|Win32
		{FB5D9DD0-8C7C-32B5-BF9E-0DFBAEB1971A}.MinSizeRel|Win32.Build.0 = MinSizeRel|Win32
		{FB5D9DD0-8C7C-32B5-BF9E-0DFBAEB1971A}.RelWithDebInfo|Win32.ActiveCfg = RelWithDebInfo|Win32
		{FB5D9DD0-8C7C-32B5-BF9E-0DFBAEB1971A}.RelWithDebInfo|Win32.Build.0 = RelWithDebInfo|Win32
		{ACF64FEB-356B-30DB-8600-4C52BF76160C}.Debug|Win32.ActiveCfg = Debug|Win32
		{ACF64FEB-356B-30DB-8600-4C52BF76160C}.Debug|Win32.Build.0 = Debug|Win32
		{ACF64FEB-356B-30DB-8600-4C52BF76160C}.Release|Win32.ActiveCfg = Release|Win32
		{ACF64FEB-356B-30DB-8600-4C52BF76160C}.Release|Win32.Build.0 = Release|Win32
		{ACF64FEB-356B-30DB-8600-4C52BF76160C}.MinSizeRel|Win32.ActiveCfg = MinSizeRel|Win32
		{ACF64FEB-356B-30DB-8600-4C52BF76160C}.MinSizeRel|Win32.Build.0 = MinSizeRel|Win32
		{ACF64FEB-356B-30DB-8600-4C52BF76160C}.RelWithDebInfo|Win32.ActiveCfg = RelWithDebInfo|Win32
		{ACF64FEB-356B-30DB-8600-4C52BF76160C}.RelWithDebInfo|Win32.Build.0 = RelWithDebInfo|Win32
		{A8B777D1-874D-36B7-94F3-5F200B9AF53A}.Debug|Win32.ActiveCfg = Debug|Win32
		{A8B777D1-874D-36B7-94F3-5F200B9AF53A}.Debug|Win32.Build.0 = Debug|Win32
		{A8B777D1-874D-36B7-94F3-5F200B9AF53A}.Release|Win32.ActiveCfg = Release|Win32
		{A8B777D1-874D-36B7-94F3-5F200B9AF53A}.Release|Win32.Build.0 = Release|Win32
		{A8B777D1-874D-36B7-94F3-5F200B9AF53A}.MinSizeRel|Win32.ActiveCfg = MinSizeRel|Win32
		{A8B777D1-874D-36B7-94F3-5F200B9AF53A}.MinSizeRel|Win32.Build.0 = MinSizeRel|Win32
		{A8B777D1-874D-36B7-94F3-5F200B9AF53A}.RelWithDebInfo|Win32.ActiveCfg = RelWithDebInfo|Win32
		{A8B777D1-874D-36B7-94F3-5F200B9AF53A}.RelWithDebInfo|Win32.Build.0 = RelWithDebInfo|Win32
		{D524FCAA-CD8A-36D1-8D12-EF75CD6FF6AE}.Debug|Win32.ActiveCfg = Debug|Win32
		{D524FCAA-CD8A-36D1-8D12-EF75CD6FF6AE}.Debug|Win32.Build.0 = Debug|Win32
		{D524FCAA-CD8A-36D1-8D12-EF75CD6FF6AE}.Release|Win32.ActiveCfg = Release|Win32
		{D524FCAA-CD8A-36D1-8D12-EF75CD6FF6AE}.Release|Win32.Build.0 = Release|Win32
		{D524FCAA-CD8A-36D1-8D12-EF75CD6FF6AE}.MinSizeRel|Win32.ActiveCfg = MinSizeRel|Win32
		{D524FCAA-CD8A-36D1-8D12-EF75CD6FF6AE}.MinSizeRel|Win32.Build.0 = MinSizeRel|Win32
		{D524FCAA-CD8A-36D1-8D12-EF75CD6FF6AE}.RelWithDebInfo|Win32.ActiveCfg = RelWithDebInfo|Win32
		{D524FCAA-CD8A-36D1-8D12-EF75CD6FF6AE}.RelWithDebInfo|Win32.Build.0 = RelWithDebInfo|Win32
	EndGlobalSection
	GlobalSection(NestedProjects) = preSolution
		{EB683993-C3F6-3D31-8661-6D6EAFAF4B13} = {375B8AE0-5504-3F17-915C-7FF602A82D67}
		{FB5D9DD0-8C7C-32B5-BF9E-0DFBAEB1971A} = {375B8AE0-5504-3F17-915C-7FF602A82D67}
	EndGlobalSection
	GlobalSection(ExtensibilityGlobals) = postSolution
		SolutionGuid = {6F54B8C3-A67A-3380-9BFF-F7C1523FDC4E}
	EndGlobalSection
	GlobalSection(ExtensibilityAddIns) = postSolution
	EndGlobalSection
EndGlobal
